// !$*UTF8*$!
{
	archiveVersion = 1;
	classes = {
	};
	objectVersion = 77;
	objects = {

/* Begin PBXBuildFile section */
		AF634A8D2ED5A82800249A30 /* GIFCombineCell.swift in Sources */ = {isa = PBXBuildFile; fileRef = AF634A8C2ED5A82400249A30 /* GIFCombineCell.swift */; };
		AF7453AB2EC6CF6B0005DF5C /* Upscale.swift in Sources */ = {isa = PBXBuildFile; fileRef = AF7453AA2EC6CF670005DF5C /* Upscale.swift */; };
		AF7453B02EC6CF9C0005DF5C /* Upscale.storyboard in Resources */ = {isa = PBXBuildFile; fileRef = AF7453AF2EC6CF9C0005DF5C /* Upscale.storyboard */; };
		AF7453B22EC6E85D0005DF5C /* UpscaleEmpty.swift in Sources */ = {isa = PBXBuildFile; fileRef = AF7453B12EC6E8590005DF5C /* UpscaleEmpty.swift */; };
		AF7E28572ED5938A009EF3BF /* GIFCombine.storyboard in Resources */ = {isa = PBXBuildFile; fileRef = AF7E28532ED5938A009EF3BF /* GIFCombine.storyboard */; };
		AF7E28582ED5938A009EF3BF /* GIFCombine.swift in Sources */ = {isa = PBXBuildFile; fileRef = AF7E28542ED5938A009EF3BF /* GIFCombine.swift */; };
		AF7E28592ED5938A009EF3BF /* GIFCombineEmpty.swift in Sources */ = {isa = PBXBuildFile; fileRef = AF7E28552ED5938A009EF3BF /* GIFCombineEmpty.swift */; };
		AF7E285B2ED5977E009EF3BF /* GIF.swift in Sources */ = {isa = PBXBuildFile; fileRef = AF7E285A2ED59776009EF3BF /* GIF.swift */; };
		AF7E285D2ED598DC009EF3BF /* CGIF.swift in Sources */ = {isa = PBXBuildFile; fileRef = AF7E285C2ED598D9009EF3BF /* CGIF.swift */; };
		AF7E285F2ED59D67009EF3BF /* GIFCombineSettings.swift in Sources */ = {isa = PBXBuildFile; fileRef = AF7E285E2ED59D62009EF3BF /* GIFCombineSettings.swift */; };
		AF97C0202EAEFF3B00F317FB /* UIButtonHelpers.swift in Sources */ = {isa = PBXBuildFile; fileRef = AF97C01F2EAEFF3400F317FB /* UIButtonHelpers.swift */; };
		AFA30FB92EB994D5008C9023 /* Converter.swift in Sources */ = {isa = PBXBuildFile; fileRef = AFA30FB82EB994D0008C9023 /* Converter.swift */; };
		CE273CC72EE3D20B00E74EED /* Settings.swift in Sources */ = {isa = PBXBuildFile; fileRef = CE273CC62EE3D20800E74EED /* Settings.swift */; };
		CE273CC92EE3D22400E74EED /* Settings.storyboard in Resources */ = {isa = PBXBuildFile; fileRef = CE273CC82EE3D22400E74EED /* Settings.storyboard */; };
		CE273CCB2EE3DBDF00E74EED /* GDObjectPageup.swift in Sources */ = {isa = PBXBuildFile; fileRef = CE273CCA2EE3DBDF00E74EED /* GDObjectPageup.swift */; };
		CE273CCF2EE3DBE700E74EED /* Pageup.swift in Sources */ = {isa = PBXBuildFile; fileRef = CE273CCC2EE3DBE700E74EED /* Pageup.swift */; };
		CE273CD02EE3DBE700E74EED /* Pageup.xib in Resources */ = {isa = PBXBuildFile; fileRef = CE273CCD2EE3DBE700E74EED /* Pageup.xib */; };
		CE27C5312ECBF92100DB7004 /* Loader.swift in Sources */ = {isa = PBXBuildFile; fileRef = CE27C5302ECBF92100DB7004 /* Loader.swift */; };
		CE27C5362ED0A8E700DB7004 /* CompareEmpty.swift in Sources */ = {isa = PBXBuildFile; fileRef = CE27C5342ED0A8E600DB7004 /* CompareEmpty.swift */; };
		CE27C5372ED0A8E700DB7004 /* Compare.swift in Sources */ = {isa = PBXBuildFile; fileRef = CE27C5332ED0A8E600DB7004 /* Compare.swift */; };
		CE27C5382ED0A8E700DB7004 /* Compare.storyboard in Resources */ = {isa = PBXBuildFile; fileRef = CE27C5322ED0A8E600DB7004 /* Compare.storyboard */; };
		CE27C53A2ED0AD1B00DB7004 /* CCompare.swift in Sources */ = {isa = PBXBuildFile; fileRef = CE27C5392ED0AD1800DB7004 /* CCompare.swift */; };
		CE3D9CE72EAA979B002C29B5 /* HomeConverter.swift in Sources */ = {isa = PBXBuildFile; fileRef = CE3D9CE62EAA9794002C29B5 /* HomeConverter.swift */; };
		CE3D9CEC2EAB0126002C29B5 /* PhotosVC.storyboard in Resources */ = {isa = PBXBuildFile; fileRef = CE3D9CEB2EAB0126002C29B5 /* PhotosVC.storyboard */; };
		CE3D9CEE2EAB01E9002C29B5 /* BoxGradient.swift in Sources */ = {isa = PBXBuildFile; fileRef = CE3D9CED2EAB01E9002C29B5 /* BoxGradient.swift */; };
		CE3D9CF02EAC87F2002C29B5 /* PhotosVC.swift in Sources */ = {isa = PBXBuildFile; fileRef = CE3D9CEF2EAC87F0002C29B5 /* PhotosVC.swift */; };
		CE3D9CF22EAC8941002C29B5 /* AssetLibrary.swift in Sources */ = {isa = PBXBuildFile; fileRef = CE3D9CF12EAC8941002C29B5 /* AssetLibrary.swift */; };
		CE3D9CF42EAC8C50002C29B5 /* PhotoCell.swift in Sources */ = {isa = PBXBuildFile; fileRef = CE3D9CF32EAC8C50002C29B5 /* PhotoCell.swift */; };
		CE3D9CF92EAC9C9F002C29B5 /* HomeEditor.swift in Sources */ = {isa = PBXBuildFile; fileRef = CE3D9CF82EAC9C9B002C29B5 /* HomeEditor.swift */; };
		CE3D9CFC2EAE7A18002C29B5 /* PhotosUI.framework in Frameworks */ = {isa = PBXBuildFile; fileRef = CE3D9CFB2EAE7A18002C29B5 /* PhotosUI.framework */; };
		CE3D9CFF2EAFD135002C29B5 /* HomeEditorCell.swift in Sources */ = {isa = PBXBuildFile; fileRef = CE3D9CFE2EAFD130002C29B5 /* HomeEditorCell.swift */; };
		CE3D9D012EAFD9C6002C29B5 /* Convert.swift in Sources */ = {isa = PBXBuildFile; fileRef = CE3D9D002EAFD9C2002C29B5 /* Convert.swift */; };
		CE3D9D052EB3B95C002C29B5 /* Slider.swift in Sources */ = {isa = PBXBuildFile; fileRef = CE3D9D042EB3B95C002C29B5 /* Slider.swift */; };
		CE3D9D092EB3B9A3002C29B5 /* CSlider.swift in Sources */ = {isa = PBXBuildFile; fileRef = CE3D9D082EB3B99E002C29B5 /* CSlider.swift */; };
		CE3D9D0D2EB90EAB002C29B5 /* HomeEditorMime.swift in Sources */ = {isa = PBXBuildFile; fileRef = CE3D9D0C2EB90EA6002C29B5 /* HomeEditorMime.swift */; };
		CE3D9D0F2EBA5214002C29B5 /* HomeEditorSettings.swift in Sources */ = {isa = PBXBuildFile; fileRef = CE3D9D0E2EBA520F002C29B5 /* HomeEditorSettings.swift */; };
		CE72D26A2EAA5BA300DDE5A8 /* Config.swift in Sources */ = {isa = PBXBuildFile; fileRef = CE72D2692EAA5BA200DDE5A8 /* Config.swift */; };
		CE72D26D2EAA5BBA00DDE5A8 /* Model.swift in Sources */ = {isa = PBXBuildFile; fileRef = CE72D26C2EAA5BB800DDE5A8 /* Model.swift */; };
		CE72D26F2EAA5BCE00DDE5A8 /* CHome.swift in Sources */ = {isa = PBXBuildFile; fileRef = CE72D26E2EAA5BCA00DDE5A8 /* CHome.swift */; };
		CE72D2712EAA5BD600DDE5A8 /* Controller.swift in Sources */ = {isa = PBXBuildFile; fileRef = CE72D2702EAA5BD200DDE5A8 /* Controller.swift */; };
		CE72D2732EAA616F00DDE5A8 /* Icons.xcassets in Resources */ = {isa = PBXBuildFile; fileRef = CE72D2722EAA616F00DDE5A8 /* Icons.xcassets */; };
		CE72D2752EAA617900DDE5A8 /* Colors.xcassets in Resources */ = {isa = PBXBuildFile; fileRef = CE72D2742EAA617900DDE5A8 /* Colors.xcassets */; };
		CE72D2772EAA61F300DDE5A8 /* Materials.xcassets in Resources */ = {isa = PBXBuildFile; fileRef = CE72D2762EAA61F300DDE5A8 /* Materials.xcassets */; };
		CE72D27A2EAA671300DDE5A8 /* Shadow.swift in Sources */ = {isa = PBXBuildFile; fileRef = CE72D2792EAA670A00DDE5A8 /* Shadow.swift */; };
		CE72D27C2EAA75D000DDE5A8 /* HomeTab.swift in Sources */ = {isa = PBXBuildFile; fileRef = CE72D27B2EAA75CD00DDE5A8 /* HomeTab.swift */; };
		CE9211EC2EC824BE006B472F /* CUpscale.swift in Sources */ = {isa = PBXBuildFile; fileRef = CE9211EB2EC824BA006B472F /* CUpscale.swift */; };
		CE9211EF2EC8376A006B472F /* ModelUpscale.swift in Sources */ = {isa = PBXBuildFile; fileRef = CE9211ED2EC8376A006B472F /* ModelUpscale.swift */; };
		CE9211F12EC837D9006B472F /* RealESRGan512.mlmodel in Sources */ = {isa = PBXBuildFile; fileRef = CE9211F02EC837D9006B472F /* RealESRGan512.mlmodel */; };
		CEA4D4572EBCD02000525D42 /* GDObjectOpenFiles.swift in Sources */ = {isa = PBXBuildFile; fileRef = CEA4D4472EBCD01F00525D42 /* GDObjectOpenFiles.swift */; };
		CEA4D45D2EBCD02000525D42 /* GlobalDelegate.swift in Sources */ = {isa = PBXBuildFile; fileRef = CEA4D44F2EBCD01F00525D42 /* GlobalDelegate.swift */; };
		CEA4D45E2EBCD02000525D42 /* GDObjectSystemAlert.swift in Sources */ = {isa = PBXBuildFile; fileRef = CEA4D44D2EBCD01F00525D42 /* GDObjectSystemAlert.swift */; };
		CEA4F8822EA914670041BDAC /* Assets.xcassets in Resources */ = {isa = PBXBuildFile; fileRef = CEA4F8792EA914670041BDAC /* Assets.xcassets */; };
		CEA4F8842EA914670041BDAC /* LaunchScreen.storyboard in Resources */ = {isa = PBXBuildFile; fileRef = CEA4F87C2EA914670041BDAC /* LaunchScreen.storyboard */; };
		CEA4F8852EA914670041BDAC /* Home.storyboard in Resources */ = {isa = PBXBuildFile; fileRef = CEA4F87E2EA914670041BDAC /* Home.storyboard */; };
		CEA4F8862EA914670041BDAC /* AppDelegate.swift in Sources */ = {isa = PBXBuildFile; fileRef = CEA4F8782EA914670041BDAC /* AppDelegate.swift */; };
		CEA4F8872EA914670041BDAC /* SceneDelegate.swift in Sources */ = {isa = PBXBuildFile; fileRef = CEA4F87F2EA914670041BDAC /* SceneDelegate.swift */; };
		CEA4F8882EA914670041BDAC /* Home.swift in Sources */ = {isa = PBXBuildFile; fileRef = CEA4F8802EA914670041BDAC /* Home.swift */; };
		CEA4F88B2EA9148C0041BDAC /* SVGConverter.swift in Sources */ = {isa = PBXBuildFile; fileRef = CEA4F88A2EA9148C0041BDAC /* SVGConverter.swift */; };
		CEA4F88D2EA914960041BDAC /* SVGConverter.metal in Sources */ = {isa = PBXBuildFile; fileRef = CEA4F88C2EA914960041BDAC /* SVGConverter.metal */; };
		CEA4F89E2EAA35CA0041BDAC /* MetalOutput.swift in Sources */ = {isa = PBXBuildFile; fileRef = CEA4F8992EAA35CA0041BDAC /* MetalOutput.swift */; };
		CEA4F8A22EAA35CA0041BDAC /* MetalWrapper.metal in Sources */ = {isa = PBXBuildFile; fileRef = CEA4F89B2EAA35CA0041BDAC /* MetalWrapper.metal */; };
		CEA4F8A42EAA35CA0041BDAC /* MetalInput.swift in Sources */ = {isa = PBXBuildFile; fileRef = CEA4F8982EAA35CA0041BDAC /* MetalInput.swift */; };
		CEA4F8A52EAA35CA0041BDAC /* MetalReput.swift in Sources */ = {isa = PBXBuildFile; fileRef = CEA4F89A2EAA35CA0041BDAC /* MetalReput.swift */; };
		CEA4F8A62EAA35CA0041BDAC /* MetalWrapper.swift in Sources */ = {isa = PBXBuildFile; fileRef = CEA4F89C2EAA35CA0041BDAC /* MetalWrapper.swift */; };
		CEA4F8D92EAA36190041BDAC /* CIImageHelpers.swift in Sources */ = {isa = PBXBuildFile; fileRef = CEA4F8CC2EAA36190041BDAC /* CIImageHelpers.swift */; };
		CEA4F8DA2EAA36190041BDAC /* UIViewBiggerPoint.swift in Sources */ = {isa = PBXBuildFile; fileRef = CEA4F8BA2EAA36190041BDAC /* UIViewBiggerPoint.swift */; };
		CEA4F8DB2EAA36190041BDAC /* UIViewShadow.swift in Sources */ = {isa = PBXBuildFile; fileRef = CEA4F8C42EAA36190041BDAC /* UIViewShadow.swift */; };
		CEA4F8DC2EAA36190041BDAC /* CVPixelBufferHelpers.swift in Sources */ = {isa = PBXBuildFile; fileRef = CEA4F8CD2EAA36190041BDAC /* CVPixelBufferHelpers.swift */; };
		CEA4F8DD2EAA36190041BDAC /* CGRectHelpers.swift in Sources */ = {isa = PBXBuildFile; fileRef = CEA4F8CB2EAA36190041BDAC /* CGRectHelpers.swift */; };
		CEA4F8DE2EAA36190041BDAC /* UIColorHelpers.swift in Sources */ = {isa = PBXBuildFile; fileRef = CEA4F8D42EAA36190041BDAC /* UIColorHelpers.swift */; };
		CEA4F8DF2EAA36190041BDAC /* FileManagerExtension.swift in Sources */ = {isa = PBXBuildFile; fileRef = CEA4F8D02EAA36190041BDAC /* FileManagerExtension.swift */; };
		CEA4F8E02EAA36190041BDAC /* CGImageHelpers.swift in Sources */ = {isa = PBXBuildFile; fileRef = CEA4F8C92EAA36190041BDAC /* CGImageHelpers.swift */; };
		CEA4F8E12EAA36190041BDAC /* UIViewClicking.swift in Sources */ = {isa = PBXBuildFile; fileRef = CEA4F8BC2EAA36190041BDAC /* UIViewClicking.swift */; };
		CEA4F8E22EAA36190041BDAC /* UILabelHighlightColor.swift in Sources */ = {isa = PBXBuildFile; fileRef = CEA4F8D52EAA36190041BDAC /* UILabelHighlightColor.swift */; };
		CEA4F8E32EAA36190041BDAC /* DataSizeHelpers.swift in Sources */ = {isa = PBXBuildFile; fileRef = CEA4F8CE2EAA36190041BDAC /* DataSizeHelpers.swift */; };
		CEA4F8E42EAA36190041BDAC /* UIImageGif.swift in Sources */ = {isa = PBXBuildFile; fileRef = CEA4F8AC2EAA36190041BDAC /* UIImageGif.swift */; };
		CEA4F8E52EAA36190041BDAC /* UIImageHelpers.swift in Sources */ = {isa = PBXBuildFile; fileRef = CEA4F8AD2EAA36190041BDAC /* UIImageHelpers.swift */; };
		CEA4F8E62EAA36190041BDAC /* UIViewPointSubview.swift in Sources */ = {isa = PBXBuildFile; fileRef = CEA4F8C32EAA36190041BDAC /* UIViewPointSubview.swift */; };
		CEA4F8E72EAA36190041BDAC /* JSONHelpers.swift in Sources */ = {isa = PBXBuildFile; fileRef = CEA4F8D22EAA36190041BDAC /* JSONHelpers.swift */; };
		CEA4F8E82EAA36190041BDAC /* UIViewMask.swift in Sources */ = {isa = PBXBuildFile; fileRef = CEA4F8C02EAA36190041BDAC /* UIViewMask.swift */; };
		CEA4F8E92EAA36190041BDAC /* UITextFieldPlaceholder.swift in Sources */ = {isa = PBXBuildFile; fileRef = CEA4F8D72EAA36190041BDAC /* UITextFieldPlaceholder.swift */; };
		CEA4F8EA2EAA36190041BDAC /* IdiomHelpers.swift in Sources */ = {isa = PBXBuildFile; fileRef = CEA4F8D12EAA36190041BDAC /* IdiomHelpers.swift */; };
		CEA4F8EB2EAA36190041BDAC /* UIImageViewDarkMode.swift in Sources */ = {isa = PBXBuildFile; fileRef = CEA4F8AF2EAA36190041BDAC /* UIImageViewDarkMode.swift */; };
		CEA4F8EC2EAA36190041BDAC /* MeshHelpers.swift in Sources */ = {isa = PBXBuildFile; fileRef = CEA4F8D32EAA36190041BDAC /* MeshHelpers.swift */; };
		CEA4F8ED2EAA36190041BDAC /* CGPathHelpers.swift in Sources */ = {isa = PBXBuildFile; fileRef = CEA4F8CA2EAA36190041BDAC /* CGPathHelpers.swift */; };
		CEA4F8EE2EAA36190041BDAC /* ArrayHelpers.swift in Sources */ = {isa = PBXBuildFile; fileRef = CEA4F8C72EAA36190041BDAC /* ArrayHelpers.swift */; };
		CEA4F8EF2EAA36190041BDAC /* UIViewLoadNib.swift in Sources */ = {isa = PBXBuildFile; fileRef = CEA4F8BF2EAA36190041BDAC /* UIViewLoadNib.swift */; };
		CEA4F8F02EAA36190041BDAC /* UIStackViewPointSubview.swift in Sources */ = {isa = PBXBuildFile; fileRef = CEA4F8B22EAA36190041BDAC /* UIStackViewPointSubview.swift */; };
		CEA4F8F12EAA36190041BDAC /* UIViewFindView.swift in Sources */ = {isa = PBXBuildFile; fileRef = CEA4F8BD2EAA36190041BDAC /* UIViewFindView.swift */; };
		CEA4F8F22EAA36190041BDAC /* AsyncHelpers.swift in Sources */ = {isa = PBXBuildFile; fileRef = CEA4F8C82EAA36190041BDAC /* AsyncHelpers.swift */; };
		CEA4F8F32EAA36190041BDAC /* UIViewPointDetect.swift in Sources */ = {isa = PBXBuildFile; fileRef = CEA4F8C22EAA36190041BDAC /* UIViewPointDetect.swift */; };
		CEA4F8F42EAA36190041BDAC /* DateHelpers.swift in Sources */ = {isa = PBXBuildFile; fileRef = CEA4F8CF2EAA36190041BDAC /* DateHelpers.swift */; };
		CEA4F8F52EAA36190041BDAC /* UIStackViewShadow.swift in Sources */ = {isa = PBXBuildFile; fileRef = CEA4F8B42EAA36190041BDAC /* UIStackViewShadow.swift */; };
		CEA4F8F62EAA36190041BDAC /* UIViewParallax.swift in Sources */ = {isa = PBXBuildFile; fileRef = CEA4F8C12EAA36190041BDAC /* UIViewParallax.swift */; };
		CEA4F8F72EAA36190041BDAC /* UIStackViewSegmentPage.swift in Sources */ = {isa = PBXBuildFile; fileRef = CEA4F8B32EAA36190041BDAC /* UIStackViewSegmentPage.swift */; };
		CEA4F8F82EAA36190041BDAC /* UIViewFindViewController.swift in Sources */ = {isa = PBXBuildFile; fileRef = CEA4F8BE2EAA36190041BDAC /* UIViewFindViewController.swift */; };
		CEA4F8F92EAA36190041BDAC /* UIViewControllerHelpers.swift in Sources */ = {isa = PBXBuildFile; fileRef = CEA4F8B62EAA36190041BDAC /* UIViewControllerHelpers.swift */; };
		CEA4F8FA2EAA36190041BDAC /* UIView+Constrant+Frame.swift in Sources */ = {isa = PBXBuildFile; fileRef = CEA4F8B92EAA36190041BDAC /* UIView+Constrant+Frame.swift */; };
		CEA4F8FB2EAA36190041BDAC /* UIViewZPosition.swift in Sources */ = {isa = PBXBuildFile; fileRef = CEA4F8C52EAA36190041BDAC /* UIViewZPosition.swift */; };
		CEA4F8FC2EAA36190041BDAC /* UIScrollViewPointOut.swift in Sources */ = {isa = PBXBuildFile; fileRef = CEA4F8D62EAA36190041BDAC /* UIScrollViewPointOut.swift */; };
		CEA4F8FD2EAA36190041BDAC /* UIViewControllerPresent.swift in Sources */ = {isa = PBXBuildFile; fileRef = CEA4F8B72EAA36190041BDAC /* UIViewControllerPresent.swift */; };
		CEA4F8FE2EAA36190041BDAC /* UIStackViewHighlight.swift in Sources */ = {isa = PBXBuildFile; fileRef = CEA4F8B12EAA36190041BDAC /* UIStackViewHighlight.swift */; };
		CEA4F8FF2EAA36190041BDAC /* UIViewBorder.swift in Sources */ = {isa = PBXBuildFile; fileRef = CEA4F8BB2EAA36190041BDAC /* UIViewBorder.swift */; };
		CEA4F9002EAA36190041BDAC /* UIImageStroke.swift in Sources */ = {isa = PBXBuildFile; fileRef = CEA4F8AE2EAA36190041BDAC /* UIImageStroke.swift */; };
		CEA4F94E2EAA384A0041BDAC /* Vision3DBPoseDetection.swift in Sources */ = {isa = PBXBuildFile; fileRef = CEA4F92F2EAA384A0041BDAC /* Vision3DBPoseDetection.swift */; };
		CEA4F9502EAA384A0041BDAC /* VisionBarcodeDetection.swift in Sources */ = {isa = PBXBuildFile; fileRef = CEA4F9332EAA384A0041BDAC /* VisionBarcodeDetection.swift */; };
		CEA4F9522EAA384A0041BDAC /* VisionAnimalBPoseDetection.swift in Sources */ = {isa = PBXBuildFile; fileRef = CEA4F9302EAA384A0041BDAC /* VisionAnimalBPoseDetection.swift */; };
		CEA4F9552EAA384A0041BDAC /* VisionTextRecognition.swift in Sources */ = {isa = PBXBuildFile; fileRef = CEA4F9402EAA384A0041BDAC /* VisionTextRecognition.swift */; };
		CEA4F95B2EAA384A0041BDAC /* VisionStillImage.swift in Sources */ = {isa = PBXBuildFile; fileRef = CEA4F93E2EAA384A0041BDAC /* VisionStillImage.swift */; };
		CEA4F95E2EAA384A0041BDAC /* VisionImageSequence.swift in Sources */ = {isa = PBXBuildFile; fileRef = CEA4F9392EAA384A0041BDAC /* VisionImageSequence.swift */; };
		CEA4F9632EAA384A0041BDAC /* VisionFABDetection.swift in Sources */ = {isa = PBXBuildFile; fileRef = CEA4F9352EAA384A0041BDAC /* VisionFABDetection.swift */; };
		CEA4F9642EAA384A0041BDAC /* VisionHandler.swift in Sources */ = {isa = PBXBuildFile; fileRef = CEA4F9442EAA384A0041BDAC /* VisionHandler.swift */; };
		CEA4F9662EAA384A0041BDAC /* VisionTrajectoryDetection.swift in Sources */ = {isa = PBXBuildFile; fileRef = CEA4F9412EAA384A0041BDAC /* VisionTrajectoryDetection.swift */; };
		CEA4F9682EAA384A0041BDAC /* VisionTextDetection.swift in Sources */ = {isa = PBXBuildFile; fileRef = CEA4F93F2EAA384A0041BDAC /* VisionTextDetection.swift */; };
		CEA4F9692EAA384A0041BDAC /* VisionImageBackgroundRemoval.swift in Sources */ = {isa = PBXBuildFile; fileRef = CEA4F9382EAA384A0041BDAC /* VisionImageBackgroundRemoval.swift */; };
		CEA4F96D2EAA384A0041BDAC /* VisionRectangleDetection.swift in Sources */ = {isa = PBXBuildFile; fileRef = CEA4F93C2EAA384A0041BDAC /* VisionRectangleDetection.swift */; };
		CEA4F96E2EAA384A0041BDAC /* VisionAnimalDetection.swift in Sources */ = {isa = PBXBuildFile; fileRef = CEA4F9312EAA384A0041BDAC /* VisionAnimalDetection.swift */; };
		CEA4F9702EAA384A0041BDAC /* VisionOpticalFlow.swift in Sources */ = {isa = PBXBuildFile; fileRef = CEA4F93B2EAA384A0041BDAC /* VisionOpticalFlow.swift */; };
		CEA4F9772EAA384A0041BDAC /* VisionPromise.swift in Sources */ = {isa = PBXBuildFile; fileRef = CEA4F9452EAA384A0041BDAC /* VisionPromise.swift */; };
		CEA4F9792EAA384A0041BDAC /* VisionSaliency.swift in Sources */ = {isa = PBXBuildFile; fileRef = CEA4F93D2EAA384A0041BDAC /* VisionSaliency.swift */; };
		CEA4F97A2EAA384A0041BDAC /* VisionBAHPoseDetection.swift in Sources */ = {isa = PBXBuildFile; fileRef = CEA4F9322EAA384A0041BDAC /* VisionBAHPoseDetection.swift */; };
		CEA4F97C2EAA384A0041BDAC /* VisionRequest.swift in Sources */ = {isa = PBXBuildFile; fileRef = CEA4F9472EAA384A0041BDAC /* VisionRequest.swift */; };
		CEA4F97E2EAA384A0041BDAC /* VisionObjectTrack.swift in Sources */ = {isa = PBXBuildFile; fileRef = CEA4F93A2EAA384A0041BDAC /* VisionObjectTrack.swift */; };
		CEA4F9802EAA384A0041BDAC /* VisionProvider.swift in Sources */ = {isa = PBXBuildFile; fileRef = CEA4F9462EAA384A0041BDAC /* VisionProvider.swift */; };
		CEA4F9812EAA384A0041BDAC /* VisionContourDetection.swift in Sources */ = {isa = PBXBuildFile; fileRef = CEA4F9342EAA384A0041BDAC /* VisionContourDetection.swift */; };
		CEA4F9842EAA384A0041BDAC /* VisionImageAlignment.swift in Sources */ = {isa = PBXBuildFile; fileRef = CEA4F9372EAA384A0041BDAC /* VisionImageAlignment.swift */; };
		CEA4F9872EAA384A0041BDAC /* VisionUsage.swift in Sources */ = {isa = PBXBuildFile; fileRef = CEA4F9482EAA384A0041BDAC /* VisionUsage.swift */; };
		CEA4F9892EAA384A0041BDAC /* VisionHorizonDetection.swift in Sources */ = {isa = PBXBuildFile; fileRef = CEA4F9362EAA384A0041BDAC /* VisionHorizonDetection.swift */; };
		CEA4F98F2EAA5A850041BDAC /* Colors.swift in Sources */ = {isa = PBXBuildFile; fileRef = CEA4F98E2EAA5A820041BDAC /* Colors.swift */; };
		CEA864B92EC633430064A3AE /* Rating.swift in Sources */ = {isa = PBXBuildFile; fileRef = CEA864B62EC633430064A3AE /* Rating.swift */; };
		CEA864BA2EC633430064A3AE /* Rating.xcassets in Resources */ = {isa = PBXBuildFile; fileRef = CEA864B72EC633430064A3AE /* Rating.xcassets */; };
		CEA864BB2EC633430064A3AE /* Rating.xib in Resources */ = {isa = PBXBuildFile; fileRef = CEA864B52EC633430064A3AE /* Rating.xib */; };
		CEB646992EDDDDD600A99077 /* HomeConverter.storyboard in Resources */ = {isa = PBXBuildFile; fileRef = CEB646982EDDDDD600A99077 /* HomeConverter.storyboard */; };
		CEB6469B2EDDDF4100A99077 /* HomePage.swift in Sources */ = {isa = PBXBuildFile; fileRef = CEB6469A2EDDDF4100A99077 /* HomePage.swift */; };
		CEB6469F2EDDE37F00A99077 /* GDObjectPresent.swift in Sources */ = {isa = PBXBuildFile; fileRef = CEB6469E2EDDE37F00A99077 /* GDObjectPresent.swift */; };
/* End PBXBuildFile section */

/* Begin PBXFileReference section */
		AF634A8C2ED5A82400249A30 /* GIFCombineCell.swift */ = {isa = PBXFileReference; lastKnownFileType = sourcecode.swift; path = GIFCombineCell.swift; sourceTree = "<group>"; };
		AF7453AA2EC6CF670005DF5C /* Upscale.swift */ = {isa = PBXFileReference; lastKnownFileType = sourcecode.swift; path = Upscale.swift; sourceTree = "<group>"; };
		AF7453AF2EC6CF9C0005DF5C /* Upscale.storyboard */ = {isa = PBXFileReference; lastKnownFileType = file.storyboard; path = Upscale.storyboard; sourceTree = "<group>"; };
		AF7453B12EC6E8590005DF5C /* UpscaleEmpty.swift */ = {isa = PBXFileReference; lastKnownFileType = sourcecode.swift; path = UpscaleEmpty.swift; sourceTree = "<group>"; };
		AF7E28532ED5938A009EF3BF /* GIFCombine.storyboard */ = {isa = PBXFileReference; lastKnownFileType = file.storyboard; path = GIFCombine.storyboard; sourceTree = "<group>"; };
		AF7E28542ED5938A009EF3BF /* GIFCombine.swift */ = {isa = PBXFileReference; lastKnownFileType = sourcecode.swift; path = GIFCombine.swift; sourceTree = "<group>"; };
		AF7E28552ED5938A009EF3BF /* GIFCombineEmpty.swift */ = {isa = PBXFileReference; lastKnownFileType = sourcecode.swift; path = GIFCombineEmpty.swift; sourceTree = "<group>"; };
		AF7E285A2ED59776009EF3BF /* GIF.swift */ = {isa = PBXFileReference; lastKnownFileType = sourcecode.swift; path = GIF.swift; sourceTree = "<group>"; };
		AF7E285C2ED598D9009EF3BF /* CGIF.swift */ = {isa = PBXFileReference; lastKnownFileType = sourcecode.swift; path = CGIF.swift; sourceTree = "<group>"; };
		AF7E285E2ED59D62009EF3BF /* GIFCombineSettings.swift */ = {isa = PBXFileReference; lastKnownFileType = sourcecode.swift; path = GIFCombineSettings.swift; sourceTree = "<group>"; };
		AF97C01F2EAEFF3400F317FB /* UIButtonHelpers.swift */ = {isa = PBXFileReference; lastKnownFileType = sourcecode.swift; path = UIButtonHelpers.swift; sourceTree = "<group>"; };
		AFA30FB82EB994D0008C9023 /* Converter.swift */ = {isa = PBXFileReference; lastKnownFileType = sourcecode.swift; path = Converter.swift; sourceTree = "<group>"; };
		CE273CC62EE3D20800E74EED /* Settings.swift */ = {isa = PBXFileReference; lastKnownFileType = sourcecode.swift; path = Settings.swift; sourceTree = "<group>"; };
		CE273CC82EE3D22400E74EED /* Settings.storyboard */ = {isa = PBXFileReference; lastKnownFileType = file.storyboard; path = Settings.storyboard; sourceTree = "<group>"; };
		CE273CCA2EE3DBDF00E74EED /* GDObjectPageup.swift */ = {isa = PBXFileReference; lastKnownFileType = sourcecode.swift; path = GDObjectPageup.swift; sourceTree = "<group>"; };
		CE273CCC2EE3DBE700E74EED /* Pageup.swift */ = {isa = PBXFileReference; lastKnownFileType = sourcecode.swift; path = Pageup.swift; sourceTree = "<group>"; };
		CE273CCD2EE3DBE700E74EED /* Pageup.xib */ = {isa = PBXFileReference; lastKnownFileType = file.xib; path = Pageup.xib; sourceTree = "<group>"; };
		CE27C5302ECBF92100DB7004 /* Loader.swift */ = {isa = PBXFileReference; lastKnownFileType = sourcecode.swift; path = Loader.swift; sourceTree = "<group>"; };
		CE27C5322ED0A8E600DB7004 /* Compare.storyboard */ = {isa = PBXFileReference; lastKnownFileType = file.storyboard; path = Compare.storyboard; sourceTree = "<group>"; };
		CE27C5332ED0A8E600DB7004 /* Compare.swift */ = {isa = PBXFileReference; lastKnownFileType = sourcecode.swift; path = Compare.swift; sourceTree = "<group>"; };
		CE27C5342ED0A8E600DB7004 /* CompareEmpty.swift */ = {isa = PBXFileReference; lastKnownFileType = sourcecode.swift; path = CompareEmpty.swift; sourceTree = "<group>"; };
		CE27C5392ED0AD1800DB7004 /* CCompare.swift */ = {isa = PBXFileReference; lastKnownFileType = sourcecode.swift; path = CCompare.swift; sourceTree = "<group>"; };
		CE3D9CE62EAA9794002C29B5 /* HomeConverter.swift */ = {isa = PBXFileReference; lastKnownFileType = sourcecode.swift; path = HomeConverter.swift; sourceTree = "<group>"; };
		CE3D9CEB2EAB0126002C29B5 /* PhotosVC.storyboard */ = {isa = PBXFileReference; lastKnownFileType = file.storyboard; path = PhotosVC.storyboard; sourceTree = "<group>"; };
		CE3D9CED2EAB01E9002C29B5 /* BoxGradient.swift */ = {isa = PBXFileReference; lastKnownFileType = sourcecode.swift; path = BoxGradient.swift; sourceTree = "<group>"; };
		CE3D9CEF2EAC87F0002C29B5 /* PhotosVC.swift */ = {isa = PBXFileReference; lastKnownFileType = sourcecode.swift; path = PhotosVC.swift; sourceTree = "<group>"; };
		CE3D9CF12EAC8941002C29B5 /* AssetLibrary.swift */ = {isa = PBXFileReference; lastKnownFileType = sourcecode.swift; path = AssetLibrary.swift; sourceTree = "<group>"; };
		CE3D9CF32EAC8C50002C29B5 /* PhotoCell.swift */ = {isa = PBXFileReference; lastKnownFileType = sourcecode.swift; path = PhotoCell.swift; sourceTree = "<group>"; };
		CE3D9CF82EAC9C9B002C29B5 /* HomeEditor.swift */ = {isa = PBXFileReference; lastKnownFileType = sourcecode.swift; path = HomeEditor.swift; sourceTree = "<group>"; };
		CE3D9CFB2EAE7A18002C29B5 /* PhotosUI.framework */ = {isa = PBXFileReference; lastKnownFileType = wrapper.framework; name = PhotosUI.framework; path = System/Library/Frameworks/PhotosUI.framework; sourceTree = SDKROOT; };
		CE3D9CFE2EAFD130002C29B5 /* HomeEditorCell.swift */ = {isa = PBXFileReference; lastKnownFileType = sourcecode.swift; path = HomeEditorCell.swift; sourceTree = "<group>"; };
		CE3D9D002EAFD9C2002C29B5 /* Convert.swift */ = {isa = PBXFileReference; lastKnownFileType = sourcecode.swift; path = Convert.swift; sourceTree = "<group>"; };
		CE3D9D042EB3B95C002C29B5 /* Slider.swift */ = {isa = PBXFileReference; lastKnownFileType = sourcecode.swift; path = Slider.swift; sourceTree = "<group>"; };
		CE3D9D082EB3B99E002C29B5 /* CSlider.swift */ = {isa = PBXFileReference; lastKnownFileType = sourcecode.swift; path = CSlider.swift; sourceTree = "<group>"; };
		CE3D9D0C2EB90EA6002C29B5 /* HomeEditorMime.swift */ = {isa = PBXFileReference; lastKnownFileType = sourcecode.swift; path = HomeEditorMime.swift; sourceTree = "<group>"; };
		CE3D9D0E2EBA520F002C29B5 /* HomeEditorSettings.swift */ = {isa = PBXFileReference; lastKnownFileType = sourcecode.swift; path = HomeEditorSettings.swift; sourceTree = "<group>"; };
		CE72D2692EAA5BA200DDE5A8 /* Config.swift */ = {isa = PBXFileReference; lastKnownFileType = sourcecode.swift; path = Config.swift; sourceTree = "<group>"; };
		CE72D26C2EAA5BB800DDE5A8 /* Model.swift */ = {isa = PBXFileReference; lastKnownFileType = sourcecode.swift; path = Model.swift; sourceTree = "<group>"; };
		CE72D26E2EAA5BCA00DDE5A8 /* CHome.swift */ = {isa = PBXFileReference; lastKnownFileType = sourcecode.swift; path = CHome.swift; sourceTree = "<group>"; };
		CE72D2702EAA5BD200DDE5A8 /* Controller.swift */ = {isa = PBXFileReference; lastKnownFileType = sourcecode.swift; path = Controller.swift; sourceTree = "<group>"; };
		CE72D2722EAA616F00DDE5A8 /* Icons.xcassets */ = {isa = PBXFileReference; lastKnownFileType = folder.assetcatalog; path = Icons.xcassets; sourceTree = "<group>"; };
		CE72D2742EAA617900DDE5A8 /* Colors.xcassets */ = {isa = PBXFileReference; lastKnownFileType = folder.assetcatalog; path = Colors.xcassets; sourceTree = "<group>"; };
		CE72D2762EAA61F300DDE5A8 /* Materials.xcassets */ = {isa = PBXFileReference; lastKnownFileType = folder.assetcatalog; path = Materials.xcassets; sourceTree = "<group>"; };
		CE72D2792EAA670A00DDE5A8 /* Shadow.swift */ = {isa = PBXFileReference; lastKnownFileType = sourcecode.swift; path = Shadow.swift; sourceTree = "<group>"; };
		CE72D27B2EAA75CD00DDE5A8 /* HomeTab.swift */ = {isa = PBXFileReference; lastKnownFileType = sourcecode.swift; path = HomeTab.swift; sourceTree = "<group>"; };
		CE9211EB2EC824BA006B472F /* CUpscale.swift */ = {isa = PBXFileReference; lastKnownFileType = sourcecode.swift; path = CUpscale.swift; sourceTree = "<group>"; };
		CE9211ED2EC8376A006B472F /* ModelUpscale.swift */ = {isa = PBXFileReference; lastKnownFileType = sourcecode.swift; path = ModelUpscale.swift; sourceTree = "<group>"; };
		CE9211F02EC837D9006B472F /* RealESRGan512.mlmodel */ = {isa = PBXFileReference; lastKnownFileType = file.mlmodel; path = RealESRGan512.mlmodel; sourceTree = "<group>"; };
		CEA4D4472EBCD01F00525D42 /* GDObjectOpenFiles.swift */ = {isa = PBXFileReference; lastKnownFileType = sourcecode.swift; path = GDObjectOpenFiles.swift; sourceTree = "<group>"; };
		CEA4D44D2EBCD01F00525D42 /* GDObjectSystemAlert.swift */ = {isa = PBXFileReference; lastKnownFileType = sourcecode.swift; path = GDObjectSystemAlert.swift; sourceTree = "<group>"; };
		CEA4D44F2EBCD01F00525D42 /* GlobalDelegate.swift */ = {isa = PBXFileReference; lastKnownFileType = sourcecode.swift; path = GlobalDelegate.swift; sourceTree = "<group>"; };
		CEA4F8602EA914610041BDAC /* Image Converter.app */ = {isa = PBXFileReference; explicitFileType = wrapper.application; includeInIndex = 0; path = "Image Converter.app"; sourceTree = BUILT_PRODUCTS_DIR; };
		CEA4F8782EA914670041BDAC /* AppDelegate.swift */ = {isa = PBXFileReference; lastKnownFileType = sourcecode.swift; path = AppDelegate.swift; sourceTree = "<group>"; };
		CEA4F8792EA914670041BDAC /* Assets.xcassets */ = {isa = PBXFileReference; lastKnownFileType = folder.assetcatalog; path = Assets.xcassets; sourceTree = "<group>"; };
		CEA4F87A2EA914670041BDAC /* Info.plist */ = {isa = PBXFileReference; lastKnownFileType = text.plist.xml; path = Info.plist; sourceTree = "<group>"; };
		CEA4F87B2EA914670041BDAC /* Base */ = {isa = PBXFileReference; lastKnownFileType = file.storyboard; name = Base; path = Base.lproj/LaunchScreen.storyboard; sourceTree = "<group>"; };
		CEA4F87D2EA914670041BDAC /* Base */ = {isa = PBXFileReference; lastKnownFileType = file.storyboard; name = Base; path = Base.lproj/Home.storyboard; sourceTree = "<group>"; };
		CEA4F87F2EA914670041BDAC /* SceneDelegate.swift */ = {isa = PBXFileReference; lastKnownFileType = sourcecode.swift; path = SceneDelegate.swift; sourceTree = "<group>"; };
		CEA4F8802EA914670041BDAC /* Home.swift */ = {isa = PBXFileReference; lastKnownFileType = sourcecode.swift; path = Home.swift; sourceTree = "<group>"; };
		CEA4F88A2EA9148C0041BDAC /* SVGConverter.swift */ = {isa = PBXFileReference; lastKnownFileType = sourcecode.swift; path = SVGConverter.swift; sourceTree = "<group>"; };
		CEA4F88C2EA914960041BDAC /* SVGConverter.metal */ = {isa = PBXFileReference; lastKnownFileType = sourcecode.metal; path = SVGConverter.metal; sourceTree = "<group>"; };
		CEA4F8982EAA35CA0041BDAC /* MetalInput.swift */ = {isa = PBXFileReference; lastKnownFileType = sourcecode.swift; path = MetalInput.swift; sourceTree = "<group>"; };
		CEA4F8992EAA35CA0041BDAC /* MetalOutput.swift */ = {isa = PBXFileReference; lastKnownFileType = sourcecode.swift; path = MetalOutput.swift; sourceTree = "<group>"; };
		CEA4F89A2EAA35CA0041BDAC /* MetalReput.swift */ = {isa = PBXFileReference; lastKnownFileType = sourcecode.swift; path = MetalReput.swift; sourceTree = "<group>"; };
		CEA4F89B2EAA35CA0041BDAC /* MetalWrapper.metal */ = {isa = PBXFileReference; lastKnownFileType = sourcecode.metal; path = MetalWrapper.metal; sourceTree = "<group>"; };
		CEA4F89C2EAA35CA0041BDAC /* MetalWrapper.swift */ = {isa = PBXFileReference; lastKnownFileType = sourcecode.swift; path = MetalWrapper.swift; sourceTree = "<group>"; };
		CEA4F8AC2EAA36190041BDAC /* UIImageGif.swift */ = {isa = PBXFileReference; lastKnownFileType = sourcecode.swift; path = UIImageGif.swift; sourceTree = "<group>"; };
		CEA4F8AD2EAA36190041BDAC /* UIImageHelpers.swift */ = {isa = PBXFileReference; lastKnownFileType = sourcecode.swift; path = UIImageHelpers.swift; sourceTree = "<group>"; };
		CEA4F8AE2EAA36190041BDAC /* UIImageStroke.swift */ = {isa = PBXFileReference; lastKnownFileType = sourcecode.swift; path = UIImageStroke.swift; sourceTree = "<group>"; };
		CEA4F8AF2EAA36190041BDAC /* UIImageViewDarkMode.swift */ = {isa = PBXFileReference; lastKnownFileType = sourcecode.swift; path = UIImageViewDarkMode.swift; sourceTree = "<group>"; };
		CEA4F8B12EAA36190041BDAC /* UIStackViewHighlight.swift */ = {isa = PBXFileReference; lastKnownFileType = sourcecode.swift; path = UIStackViewHighlight.swift; sourceTree = "<group>"; };
		CEA4F8B22EAA36190041BDAC /* UIStackViewPointSubview.swift */ = {isa = PBXFileReference; lastKnownFileType = sourcecode.swift; path = UIStackViewPointSubview.swift; sourceTree = "<group>"; };
		CEA4F8B32EAA36190041BDAC /* UIStackViewSegmentPage.swift */ = {isa = PBXFileReference; lastKnownFileType = sourcecode.swift; path = UIStackViewSegmentPage.swift; sourceTree = "<group>"; };
		CEA4F8B42EAA36190041BDAC /* UIStackViewShadow.swift */ = {isa = PBXFileReference; lastKnownFileType = sourcecode.swift; path = UIStackViewShadow.swift; sourceTree = "<group>"; };
		CEA4F8B62EAA36190041BDAC /* UIViewControllerHelpers.swift */ = {isa = PBXFileReference; lastKnownFileType = sourcecode.swift; path = UIViewControllerHelpers.swift; sourceTree = "<group>"; };
		CEA4F8B72EAA36190041BDAC /* UIViewControllerPresent.swift */ = {isa = PBXFileReference; lastKnownFileType = sourcecode.swift; path = UIViewControllerPresent.swift; sourceTree = "<group>"; };
		CEA4F8B92EAA36190041BDAC /* UIView+Constrant+Frame.swift */ = {isa = PBXFileReference; lastKnownFileType = sourcecode.swift; path = "UIView+Constrant+Frame.swift"; sourceTree = "<group>"; };
		CEA4F8BA2EAA36190041BDAC /* UIViewBiggerPoint.swift */ = {isa = PBXFileReference; lastKnownFileType = sourcecode.swift; path = UIViewBiggerPoint.swift; sourceTree = "<group>"; };
		CEA4F8BB2EAA36190041BDAC /* UIViewBorder.swift */ = {isa = PBXFileReference; lastKnownFileType = sourcecode.swift; path = UIViewBorder.swift; sourceTree = "<group>"; };
		CEA4F8BC2EAA36190041BDAC /* UIViewClicking.swift */ = {isa = PBXFileReference; lastKnownFileType = sourcecode.swift; path = UIViewClicking.swift; sourceTree = "<group>"; };
		CEA4F8BD2EAA36190041BDAC /* UIViewFindView.swift */ = {isa = PBXFileReference; lastKnownFileType = sourcecode.swift; path = UIViewFindView.swift; sourceTree = "<group>"; };
		CEA4F8BE2EAA36190041BDAC /* UIViewFindViewController.swift */ = {isa = PBXFileReference; lastKnownFileType = sourcecode.swift; path = UIViewFindViewController.swift; sourceTree = "<group>"; };
		CEA4F8BF2EAA36190041BDAC /* UIViewLoadNib.swift */ = {isa = PBXFileReference; lastKnownFileType = sourcecode.swift; path = UIViewLoadNib.swift; sourceTree = "<group>"; };
		CEA4F8C02EAA36190041BDAC /* UIViewMask.swift */ = {isa = PBXFileReference; lastKnownFileType = sourcecode.swift; path = UIViewMask.swift; sourceTree = "<group>"; };
		CEA4F8C12EAA36190041BDAC /* UIViewParallax.swift */ = {isa = PBXFileReference; lastKnownFileType = sourcecode.swift; path = UIViewParallax.swift; sourceTree = "<group>"; };
		CEA4F8C22EAA36190041BDAC /* UIViewPointDetect.swift */ = {isa = PBXFileReference; lastKnownFileType = sourcecode.swift; path = UIViewPointDetect.swift; sourceTree = "<group>"; };
		CEA4F8C32EAA36190041BDAC /* UIViewPointSubview.swift */ = {isa = PBXFileReference; lastKnownFileType = sourcecode.swift; path = UIViewPointSubview.swift; sourceTree = "<group>"; };
		CEA4F8C42EAA36190041BDAC /* UIViewShadow.swift */ = {isa = PBXFileReference; lastKnownFileType = sourcecode.swift; path = UIViewShadow.swift; sourceTree = "<group>"; };
		CEA4F8C52EAA36190041BDAC /* UIViewZPosition.swift */ = {isa = PBXFileReference; lastKnownFileType = sourcecode.swift; path = UIViewZPosition.swift; sourceTree = "<group>"; };
		CEA4F8C72EAA36190041BDAC /* ArrayHelpers.swift */ = {isa = PBXFileReference; lastKnownFileType = sourcecode.swift; path = ArrayHelpers.swift; sourceTree = "<group>"; };
		CEA4F8C82EAA36190041BDAC /* AsyncHelpers.swift */ = {isa = PBXFileReference; lastKnownFileType = sourcecode.swift; path = AsyncHelpers.swift; sourceTree = "<group>"; };
		CEA4F8C92EAA36190041BDAC /* CGImageHelpers.swift */ = {isa = PBXFileReference; lastKnownFileType = sourcecode.swift; path = CGImageHelpers.swift; sourceTree = "<group>"; };
		CEA4F8CA2EAA36190041BDAC /* CGPathHelpers.swift */ = {isa = PBXFileReference; lastKnownFileType = sourcecode.swift; path = CGPathHelpers.swift; sourceTree = "<group>"; };
		CEA4F8CB2EAA36190041BDAC /* CGRectHelpers.swift */ = {isa = PBXFileReference; lastKnownFileType = sourcecode.swift; path = CGRectHelpers.swift; sourceTree = "<group>"; };
		CEA4F8CC2EAA36190041BDAC /* CIImageHelpers.swift */ = {isa = PBXFileReference; lastKnownFileType = sourcecode.swift; path = CIImageHelpers.swift; sourceTree = "<group>"; };
		CEA4F8CD2EAA36190041BDAC /* CVPixelBufferHelpers.swift */ = {isa = PBXFileReference; lastKnownFileType = sourcecode.swift; path = CVPixelBufferHelpers.swift; sourceTree = "<group>"; };
		CEA4F8CE2EAA36190041BDAC /* DataSizeHelpers.swift */ = {isa = PBXFileReference; lastKnownFileType = sourcecode.swift; path = DataSizeHelpers.swift; sourceTree = "<group>"; };
		CEA4F8CF2EAA36190041BDAC /* DateHelpers.swift */ = {isa = PBXFileReference; lastKnownFileType = sourcecode.swift; path = DateHelpers.swift; sourceTree = "<group>"; };
		CEA4F8D02EAA36190041BDAC /* FileManagerExtension.swift */ = {isa = PBXFileReference; lastKnownFileType = sourcecode.swift; path = FileManagerExtension.swift; sourceTree = "<group>"; };
		CEA4F8D12EAA36190041BDAC /* IdiomHelpers.swift */ = {isa = PBXFileReference; lastKnownFileType = sourcecode.swift; path = IdiomHelpers.swift; sourceTree = "<group>"; };
		CEA4F8D22EAA36190041BDAC /* JSONHelpers.swift */ = {isa = PBXFileReference; lastKnownFileType = sourcecode.swift; path = JSONHelpers.swift; sourceTree = "<group>"; };
		CEA4F8D32EAA36190041BDAC /* MeshHelpers.swift */ = {isa = PBXFileReference; lastKnownFileType = sourcecode.swift; path = MeshHelpers.swift; sourceTree = "<group>"; };
		CEA4F8D42EAA36190041BDAC /* UIColorHelpers.swift */ = {isa = PBXFileReference; lastKnownFileType = sourcecode.swift; path = UIColorHelpers.swift; sourceTree = "<group>"; };
		CEA4F8D52EAA36190041BDAC /* UILabelHighlightColor.swift */ = {isa = PBXFileReference; lastKnownFileType = sourcecode.swift; path = UILabelHighlightColor.swift; sourceTree = "<group>"; };
		CEA4F8D62EAA36190041BDAC /* UIScrollViewPointOut.swift */ = {isa = PBXFileReference; lastKnownFileType = sourcecode.swift; path = UIScrollViewPointOut.swift; sourceTree = "<group>"; };
		CEA4F8D72EAA36190041BDAC /* UITextFieldPlaceholder.swift */ = {isa = PBXFileReference; lastKnownFileType = sourcecode.swift; path = UITextFieldPlaceholder.swift; sourceTree = "<group>"; };
		CEA4F92F2EAA384A0041BDAC /* Vision3DBPoseDetection.swift */ = {isa = PBXFileReference; lastKnownFileType = sourcecode.swift; path = Vision3DBPoseDetection.swift; sourceTree = "<group>"; };
		CEA4F9302EAA384A0041BDAC /* VisionAnimalBPoseDetection.swift */ = {isa = PBXFileReference; lastKnownFileType = sourcecode.swift; path = VisionAnimalBPoseDetection.swift; sourceTree = "<group>"; };
		CEA4F9312EAA384A0041BDAC /* VisionAnimalDetection.swift */ = {isa = PBXFileReference; lastKnownFileType = sourcecode.swift; path = VisionAnimalDetection.swift; sourceTree = "<group>"; };
		CEA4F9322EAA384A0041BDAC /* VisionBAHPoseDetection.swift */ = {isa = PBXFileReference; lastKnownFileType = sourcecode.swift; path = VisionBAHPoseDetection.swift; sourceTree = "<group>"; };
		CEA4F9332EAA384A0041BDAC /* VisionBarcodeDetection.swift */ = {isa = PBXFileReference; lastKnownFileType = sourcecode.swift; path = VisionBarcodeDetection.swift; sourceTree = "<group>"; };
		CEA4F9342EAA384A0041BDAC /* VisionContourDetection.swift */ = {isa = PBXFileReference; lastKnownFileType = sourcecode.swift; path = VisionContourDetection.swift; sourceTree = "<group>"; };
		CEA4F9352EAA384A0041BDAC /* VisionFABDetection.swift */ = {isa = PBXFileReference; lastKnownFileType = sourcecode.swift; path = VisionFABDetection.swift; sourceTree = "<group>"; };
		CEA4F9362EAA384A0041BDAC /* VisionHorizonDetection.swift */ = {isa = PBXFileReference; lastKnownFileType = sourcecode.swift; path = VisionHorizonDetection.swift; sourceTree = "<group>"; };
		CEA4F9372EAA384A0041BDAC /* VisionImageAlignment.swift */ = {isa = PBXFileReference; lastKnownFileType = sourcecode.swift; path = VisionImageAlignment.swift; sourceTree = "<group>"; };
		CEA4F9382EAA384A0041BDAC /* VisionImageBackgroundRemoval.swift */ = {isa = PBXFileReference; lastKnownFileType = sourcecode.swift; path = VisionImageBackgroundRemoval.swift; sourceTree = "<group>"; };
		CEA4F9392EAA384A0041BDAC /* VisionImageSequence.swift */ = {isa = PBXFileReference; lastKnownFileType = sourcecode.swift; path = VisionImageSequence.swift; sourceTree = "<group>"; };
		CEA4F93A2EAA384A0041BDAC /* VisionObjectTrack.swift */ = {isa = PBXFileReference; lastKnownFileType = sourcecode.swift; path = VisionObjectTrack.swift; sourceTree = "<group>"; };
		CEA4F93B2EAA384A0041BDAC /* VisionOpticalFlow.swift */ = {isa = PBXFileReference; lastKnownFileType = sourcecode.swift; path = VisionOpticalFlow.swift; sourceTree = "<group>"; };
		CEA4F93C2EAA384A0041BDAC /* VisionRectangleDetection.swift */ = {isa = PBXFileReference; lastKnownFileType = sourcecode.swift; path = VisionRectangleDetection.swift; sourceTree = "<group>"; };
		CEA4F93D2EAA384A0041BDAC /* VisionSaliency.swift */ = {isa = PBXFileReference; lastKnownFileType = sourcecode.swift; path = VisionSaliency.swift; sourceTree = "<group>"; };
		CEA4F93E2EAA384A0041BDAC /* VisionStillImage.swift */ = {isa = PBXFileReference; lastKnownFileType = sourcecode.swift; path = VisionStillImage.swift; sourceTree = "<group>"; };
		CEA4F93F2EAA384A0041BDAC /* VisionTextDetection.swift */ = {isa = PBXFileReference; lastKnownFileType = sourcecode.swift; path = VisionTextDetection.swift; sourceTree = "<group>"; };
		CEA4F9402EAA384A0041BDAC /* VisionTextRecognition.swift */ = {isa = PBXFileReference; lastKnownFileType = sourcecode.swift; path = VisionTextRecognition.swift; sourceTree = "<group>"; };
		CEA4F9412EAA384A0041BDAC /* VisionTrajectoryDetection.swift */ = {isa = PBXFileReference; lastKnownFileType = sourcecode.swift; path = VisionTrajectoryDetection.swift; sourceTree = "<group>"; };
		CEA4F9442EAA384A0041BDAC /* VisionHandler.swift */ = {isa = PBXFileReference; lastKnownFileType = sourcecode.swift; path = VisionHandler.swift; sourceTree = "<group>"; };
		CEA4F9452EAA384A0041BDAC /* VisionPromise.swift */ = {isa = PBXFileReference; lastKnownFileType = sourcecode.swift; path = VisionPromise.swift; sourceTree = "<group>"; };
		CEA4F9462EAA384A0041BDAC /* VisionProvider.swift */ = {isa = PBXFileReference; lastKnownFileType = sourcecode.swift; path = VisionProvider.swift; sourceTree = "<group>"; };
		CEA4F9472EAA384A0041BDAC /* VisionRequest.swift */ = {isa = PBXFileReference; lastKnownFileType = sourcecode.swift; path = VisionRequest.swift; sourceTree = "<group>"; };
		CEA4F9482EAA384A0041BDAC /* VisionUsage.swift */ = {isa = PBXFileReference; lastKnownFileType = sourcecode.swift; path = VisionUsage.swift; sourceTree = "<group>"; };
		CEA4F98E2EAA5A820041BDAC /* Colors.swift */ = {isa = PBXFileReference; lastKnownFileType = sourcecode.swift; path = Colors.swift; sourceTree = "<group>"; };
		CEA864B52EC633430064A3AE /* Rating.xib */ = {isa = PBXFileReference; lastKnownFileType = file.xib; path = Rating.xib; sourceTree = "<group>"; };
		CEA864B62EC633430064A3AE /* Rating.swift */ = {isa = PBXFileReference; lastKnownFileType = sourcecode.swift; path = Rating.swift; sourceTree = "<group>"; };
		CEA864B72EC633430064A3AE /* Rating.xcassets */ = {isa = PBXFileReference; lastKnownFileType = folder.assetcatalog; path = Rating.xcassets; sourceTree = "<group>"; };
		CEB646982EDDDDD600A99077 /* HomeConverter.storyboard */ = {isa = PBXFileReference; lastKnownFileType = file.storyboard; path = HomeConverter.storyboard; sourceTree = "<group>"; };
		CEB6469A2EDDDF4100A99077 /* HomePage.swift */ = {isa = PBXFileReference; lastKnownFileType = sourcecode.swift; path = HomePage.swift; sourceTree = "<group>"; };
		CEB6469E2EDDE37F00A99077 /* GDObjectPresent.swift */ = {isa = PBXFileReference; lastKnownFileType = sourcecode.swift; path = GDObjectPresent.swift; sourceTree = "<group>"; };
/* End PBXFileReference section */

/* Begin PBXFrameworksBuildPhase section */
		CEA4F85D2EA914610041BDAC /* Frameworks */ = {
			isa = PBXFrameworksBuildPhase;
			buildActionMask = 2147483647;
			files = (
				CE3D9CFC2EAE7A18002C29B5 /* PhotosUI.framework in Frameworks */,
			);
			runOnlyForDeploymentPostprocessing = 0;
		};
/* End PBXFrameworksBuildPhase section */

/* Begin PBXGroup section */
		AF7453AD2EC6CF860005DF5C /* Upscale */ = {
			isa = PBXGroup;
			children = (
				AF7453AF2EC6CF9C0005DF5C /* Upscale.storyboard */,
				AF7453AA2EC6CF670005DF5C /* Upscale.swift */,
				AF7453B12EC6E8590005DF5C /* UpscaleEmpty.swift */,
			);
			path = Upscale;
			sourceTree = "<group>";
		};
		AF7E28562ED5938A009EF3BF /* GIFCombine */ = {
			isa = PBXGroup;
			children = (
				AF7E28532ED5938A009EF3BF /* GIFCombine.storyboard */,
				AF7E28542ED5938A009EF3BF /* GIFCombine.swift */,
				AF634A8C2ED5A82400249A30 /* GIFCombineCell.swift */,
				AF7E285E2ED59D62009EF3BF /* GIFCombineSettings.swift */,
				AF7E28552ED5938A009EF3BF /* GIFCombineEmpty.swift */,
			);
			path = GIFCombine;
			sourceTree = "<group>";
		};
		CE273CC52EE3D20000E74EED /* Settings */ = {
			isa = PBXGroup;
			children = (
				CE273CC82EE3D22400E74EED /* Settings.storyboard */,
				CE273CC62EE3D20800E74EED /* Settings.swift */,
			);
			path = Settings;
			sourceTree = "<group>";
		};
		CE273CCE2EE3DBE700E74EED /* Pageup */ = {
			isa = PBXGroup;
			children = (
				CE273CCD2EE3DBE700E74EED /* Pageup.xib */,
				CE273CCC2EE3DBE700E74EED /* Pageup.swift */,
			);
			path = Pageup;
			sourceTree = "<group>";
		};
		CE27C5352ED0A8E600DB7004 /* Compare */ = {
			isa = PBXGroup;
			children = (
				CE27C5322ED0A8E600DB7004 /* Compare.storyboard */,
				CE27C5332ED0A8E600DB7004 /* Compare.swift */,
				CE27C5342ED0A8E600DB7004 /* CompareEmpty.swift */,
			);
			path = Compare;
			sourceTree = "<group>";
		};
		CE3D9CEA2EAB00F0002C29B5 /* Photos */ = {
			isa = PBXGroup;
			children = (
				CE3D9CEB2EAB0126002C29B5 /* PhotosVC.storyboard */,
				CE3D9CEF2EAC87F0002C29B5 /* PhotosVC.swift */,
				CE3D9CF32EAC8C50002C29B5 /* PhotoCell.swift */,
			);
			path = Photos;
			sourceTree = "<group>";
		};
		CE3D9CFA2EAE7A18002C29B5 /* Frameworks */ = {
			isa = PBXGroup;
			children = (
				CE3D9CFB2EAE7A18002C29B5 /* PhotosUI.framework */,
			);
			name = Frameworks;
			sourceTree = "<group>";
		};
		CE3D9CFD2EAFD128002C29B5 /* HomeEditor */ = {
			isa = PBXGroup;
			children = (
				CE3D9CF82EAC9C9B002C29B5 /* HomeEditor.swift */,
				CE3D9CFE2EAFD130002C29B5 /* HomeEditorCell.swift */,
				CE3D9D0C2EB90EA6002C29B5 /* HomeEditorMime.swift */,
				CE3D9D0E2EBA520F002C29B5 /* HomeEditorSettings.swift */,
			);
			path = HomeEditor;
			sourceTree = "<group>";
		};
		CE9211EE2EC8376A006B472F /* Upscale */ = {
			isa = PBXGroup;
			children = (
				CE9211ED2EC8376A006B472F /* ModelUpscale.swift */,
				CE9211F02EC837D9006B472F /* RealESRGan512.mlmodel */,
			);
			path = Upscale;
			sourceTree = "<group>";
		};
		CEA4D4502EBCD01F00525D42 /* GlobalDelegate */ = {
			isa = PBXGroup;
			children = (
				CEA4D4472EBCD01F00525D42 /* GDObjectOpenFiles.swift */,
				CEB6469E2EDDE37F00A99077 /* GDObjectPresent.swift */,
				CE273CCA2EE3DBDF00E74EED /* GDObjectPageup.swift */,
				CEA4D44D2EBCD01F00525D42 /* GDObjectSystemAlert.swift */,
				CEA4D44F2EBCD01F00525D42 /* GlobalDelegate.swift */,
			);
			path = GlobalDelegate;
			sourceTree = "<group>";
		};
		CEA4F8572EA914610041BDAC = {
			isa = PBXGroup;
			children = (
				CEA4F8812EA914670041BDAC /* Image Converter */,
				CE3D9CFA2EAE7A18002C29B5 /* Frameworks */,
				CEA4F8612EA914610041BDAC /* Products */,
			);
			sourceTree = "<group>";
		};
		CEA4F8612EA914610041BDAC /* Products */ = {
			isa = PBXGroup;
			children = (
				CEA4F8602EA914610041BDAC /* Image Converter.app */,
			);
			name = Products;
			sourceTree = "<group>";
		};
		CEA4F8812EA914670041BDAC /* Image Converter */ = {
			isa = PBXGroup;
			children = (
				CEA4F8782EA914670041BDAC /* AppDelegate.swift */,
				CEA4F87F2EA914670041BDAC /* SceneDelegate.swift */,
				CE3D9CF12EAC8941002C29B5 /* AssetLibrary.swift */,
				CEA4F8892EA914810041BDAC /* Module */,
				CEA4F8D82EAA36190041BDAC /* Subclass */,
				CEA4F98D2EAA3E980041BDAC /* Custom */,
				CEA4F8AB2EAA36080041BDAC /* Config */,
				CEA4F98B2EAA3E850041BDAC /* Model */,
				CEA4F98C2EAA3E8C0041BDAC /* Controller */,
				CEA4F98A2EAA389D0041BDAC /* Home */,
				AF7453AD2EC6CF860005DF5C /* Upscale */,
				CE27C5352ED0A8E600DB7004 /* Compare */,
				AF7E28562ED5938A009EF3BF /* GIFCombine */,
				CE273CC52EE3D20000E74EED /* Settings */,
				CEA4F8792EA914670041BDAC /* Assets.xcassets */,
				CE72D2742EAA617900DDE5A8 /* Colors.xcassets */,
				CE72D2722EAA616F00DDE5A8 /* Icons.xcassets */,
				CE72D2762EAA61F300DDE5A8 /* Materials.xcassets */,
				CEA4F87A2EA914670041BDAC /* Info.plist */,
				CEA4F87C2EA914670041BDAC /* LaunchScreen.storyboard */,
			);
			path = "Image Converter";
			sourceTree = "<group>";
		};
		CEA4F8892EA914810041BDAC /* Module */ = {
			isa = PBXGroup;
			children = (
				AFA30FB82EB994D0008C9023 /* Converter.swift */,
				CE3D9D042EB3B95C002C29B5 /* Slider.swift */,
				CE3D9CED2EAB01E9002C29B5 /* BoxGradient.swift */,
				CE27C5302ECBF92100DB7004 /* Loader.swift */,
				CE273CCE2EE3DBE700E74EED /* Pageup */,
				CEA4D4502EBCD01F00525D42 /* GlobalDelegate */,
				CEA4F9492EAA384A0041BDAC /* Vision */,
				CEA4F89D2EAA35CA0041BDAC /* Metal */,
				CE9211EE2EC8376A006B472F /* Upscale */,
			);
			path = Module;
			sourceTree = "<group>";
		};
		CEA4F89D2EAA35CA0041BDAC /* Metal */ = {
			isa = PBXGroup;
			children = (
				CEA4F8982EAA35CA0041BDAC /* MetalInput.swift */,
				CEA4F8992EAA35CA0041BDAC /* MetalOutput.swift */,
				CEA4F89A2EAA35CA0041BDAC /* MetalReput.swift */,
				CEA4F89B2EAA35CA0041BDAC /* MetalWrapper.metal */,
				CEA4F89C2EAA35CA0041BDAC /* MetalWrapper.swift */,
			);
			path = Metal;
			sourceTree = "<group>";
		};
		CEA4F8A92EAA35CE0041BDAC /* SVGConverter */ = {
			isa = PBXGroup;
			children = (
				CEA4F88C2EA914960041BDAC /* SVGConverter.metal */,
				CEA4F88A2EA9148C0041BDAC /* SVGConverter.swift */,
			);
			path = SVGConverter;
			sourceTree = "<group>";
		};
		CEA4F8AB2EAA36080041BDAC /* Config */ = {
			isa = PBXGroup;
			children = (
				CE72D2692EAA5BA200DDE5A8 /* Config.swift */,
				CEA4F98E2EAA5A820041BDAC /* Colors.swift */,
			);
			path = Config;
			sourceTree = "<group>";
		};
		CEA4F8B02EAA36190041BDAC /* UIImageHelpers */ = {
			isa = PBXGroup;
			children = (
				CEA4F8AC2EAA36190041BDAC /* UIImageGif.swift */,
				CEA4F8AD2EAA36190041BDAC /* UIImageHelpers.swift */,
				CEA4F8AE2EAA36190041BDAC /* UIImageStroke.swift */,
				CEA4F8AF2EAA36190041BDAC /* UIImageViewDarkMode.swift */,
			);
			path = UIImageHelpers;
			sourceTree = "<group>";
		};
		CEA4F8B52EAA36190041BDAC /* UIStackViewHelpers */ = {
			isa = PBXGroup;
			children = (
				CEA4F8B12EAA36190041BDAC /* UIStackViewHighlight.swift */,
				CEA4F8B22EAA36190041BDAC /* UIStackViewPointSubview.swift */,
				CEA4F8B32EAA36190041BDAC /* UIStackViewSegmentPage.swift */,
				CEA4F8B42EAA36190041BDAC /* UIStackViewShadow.swift */,
			);
			path = UIStackViewHelpers;
			sourceTree = "<group>";
		};
		CEA4F8B82EAA36190041BDAC /* UIViewControllerHelpers */ = {
			isa = PBXGroup;
			children = (
				CEA4F8B62EAA36190041BDAC /* UIViewControllerHelpers.swift */,
				CEA4F8B72EAA36190041BDAC /* UIViewControllerPresent.swift */,
			);
			path = UIViewControllerHelpers;
			sourceTree = "<group>";
		};
		CEA4F8C62EAA36190041BDAC /* UIViewHelpers */ = {
			isa = PBXGroup;
			children = (
				CEA4F8B92EAA36190041BDAC /* UIView+Constrant+Frame.swift */,
				CEA4F8BA2EAA36190041BDAC /* UIViewBiggerPoint.swift */,
				CEA4F8BB2EAA36190041BDAC /* UIViewBorder.swift */,
				CEA4F8BC2EAA36190041BDAC /* UIViewClicking.swift */,
				CEA4F8BD2EAA36190041BDAC /* UIViewFindView.swift */,
				CEA4F8BE2EAA36190041BDAC /* UIViewFindViewController.swift */,
				CEA4F8BF2EAA36190041BDAC /* UIViewLoadNib.swift */,
				CEA4F8C02EAA36190041BDAC /* UIViewMask.swift */,
				CEA4F8C12EAA36190041BDAC /* UIViewParallax.swift */,
				CEA4F8C22EAA36190041BDAC /* UIViewPointDetect.swift */,
				CEA4F8C32EAA36190041BDAC /* UIViewPointSubview.swift */,
				CEA4F8C42EAA36190041BDAC /* UIViewShadow.swift */,
				CEA4F8C52EAA36190041BDAC /* UIViewZPosition.swift */,
			);
			path = UIViewHelpers;
			sourceTree = "<group>";
		};
		CEA4F8D82EAA36190041BDAC /* Subclass */ = {
			isa = PBXGroup;
			children = (
				CEA4F8B02EAA36190041BDAC /* UIImageHelpers */,
				CEA4F8B52EAA36190041BDAC /* UIStackViewHelpers */,
				CEA4F8B82EAA36190041BDAC /* UIViewControllerHelpers */,
				CEA4F8C62EAA36190041BDAC /* UIViewHelpers */,
				CEA4F8C72EAA36190041BDAC /* ArrayHelpers.swift */,
				CEA4F8C82EAA36190041BDAC /* AsyncHelpers.swift */,
				CEA4F8C92EAA36190041BDAC /* CGImageHelpers.swift */,
				CEA4F8CA2EAA36190041BDAC /* CGPathHelpers.swift */,
				CEA4F8CB2EAA36190041BDAC /* CGRectHelpers.swift */,
				CEA4F8CC2EAA36190041BDAC /* CIImageHelpers.swift */,
				CEA4F8CD2EAA36190041BDAC /* CVPixelBufferHelpers.swift */,
				CEA4F8CE2EAA36190041BDAC /* DataSizeHelpers.swift */,
				CEA4F8CF2EAA36190041BDAC /* DateHelpers.swift */,
				CEA4F8D02EAA36190041BDAC /* FileManagerExtension.swift */,
				CEA4F8D12EAA36190041BDAC /* IdiomHelpers.swift */,
				CEA4F8D22EAA36190041BDAC /* JSONHelpers.swift */,
				CEA4F8D32EAA36190041BDAC /* MeshHelpers.swift */,
				CEA4F8D42EAA36190041BDAC /* UIColorHelpers.swift */,
				CEA4F8D52EAA36190041BDAC /* UILabelHighlightColor.swift */,
				CEA4F8D62EAA36190041BDAC /* UIScrollViewPointOut.swift */,
				CEA4F8D72EAA36190041BDAC /* UITextFieldPlaceholder.swift */,
				AF97C01F2EAEFF3400F317FB /* UIButtonHelpers.swift */,
			);
			path = Subclass;
			sourceTree = "<group>";
		};
		CEA4F9422EAA384A0041BDAC /* VisionModel */ = {
			isa = PBXGroup;
			children = (
				CEA4F92F2EAA384A0041BDAC /* Vision3DBPoseDetection.swift */,
				CEA4F9302EAA384A0041BDAC /* VisionAnimalBPoseDetection.swift */,
				CEA4F9312EAA384A0041BDAC /* VisionAnimalDetection.swift */,
				CEA4F9322EAA384A0041BDAC /* VisionBAHPoseDetection.swift */,
				CEA4F9332EAA384A0041BDAC /* VisionBarcodeDetection.swift */,
				CEA4F9342EAA384A0041BDAC /* VisionContourDetection.swift */,
				CEA4F9352EAA384A0041BDAC /* VisionFABDetection.swift */,
				CEA4F9362EAA384A0041BDAC /* VisionHorizonDetection.swift */,
				CEA4F9372EAA384A0041BDAC /* VisionImageAlignment.swift */,
				CEA4F9382EAA384A0041BDAC /* VisionImageBackgroundRemoval.swift */,
				CEA4F9392EAA384A0041BDAC /* VisionImageSequence.swift */,
				CEA4F93A2EAA384A0041BDAC /* VisionObjectTrack.swift */,
				CEA4F93B2EAA384A0041BDAC /* VisionOpticalFlow.swift */,
				CEA4F93C2EAA384A0041BDAC /* VisionRectangleDetection.swift */,
				CEA4F93D2EAA384A0041BDAC /* VisionSaliency.swift */,
				CEA4F93E2EAA384A0041BDAC /* VisionStillImage.swift */,
				CEA4F93F2EAA384A0041BDAC /* VisionTextDetection.swift */,
				CEA4F9402EAA384A0041BDAC /* VisionTextRecognition.swift */,
				CEA4F9412EAA384A0041BDAC /* VisionTrajectoryDetection.swift */,
			);
			path = VisionModel;
			sourceTree = "<group>";
		};
		CEA4F9492EAA384A0041BDAC /* Vision */ = {
			isa = PBXGroup;
			children = (
				CEA4F9422EAA384A0041BDAC /* VisionModel */,
				CEA4F9442EAA384A0041BDAC /* VisionHandler.swift */,
				CEA4F9452EAA384A0041BDAC /* VisionPromise.swift */,
				CEA4F9462EAA384A0041BDAC /* VisionProvider.swift */,
				CEA4F9472EAA384A0041BDAC /* VisionRequest.swift */,
				CEA4F9482EAA384A0041BDAC /* VisionUsage.swift */,
			);
			path = Vision;
			sourceTree = "<group>";
		};
		CEA4F98A2EAA389D0041BDAC /* Home */ = {
			isa = PBXGroup;
			children = (
				CEA4F87E2EA914670041BDAC /* Home.storyboard */,
				CEA4F8802EA914670041BDAC /* Home.swift */,
				CE72D27B2EAA75CD00DDE5A8 /* HomeTab.swift */,
				CEB6469A2EDDDF4100A99077 /* HomePage.swift */,
				CEB646982EDDDDD600A99077 /* HomeConverter.storyboard */,
				CE3D9CE62EAA9794002C29B5 /* HomeConverter.swift */,
				CE3D9CFD2EAFD128002C29B5 /* HomeEditor */,
			);
			path = Home;
			sourceTree = "<group>";
		};
		CEA4F98B2EAA3E850041BDAC /* Model */ = {
			isa = PBXGroup;
			children = (
				CE72D26C2EAA5BB800DDE5A8 /* Model.swift */,
				CE3D9D002EAFD9C2002C29B5 /* Convert.swift */,
				AF7E285A2ED59776009EF3BF /* GIF.swift */,
			);
			path = Model;
			sourceTree = "<group>";
		};
		CEA4F98C2EAA3E8C0041BDAC /* Controller */ = {
			isa = PBXGroup;
			children = (
				CE72D2702EAA5BD200DDE5A8 /* Controller.swift */,
				CE72D26E2EAA5BCA00DDE5A8 /* CHome.swift */,
				CE9211EB2EC824BA006B472F /* CUpscale.swift */,
				CE27C5392ED0AD1800DB7004 /* CCompare.swift */,
				AF7E285C2ED598D9009EF3BF /* CGIF.swift */,
			);
			path = Controller;
			sourceTree = "<group>";
		};
		CEA4F98D2EAA3E980041BDAC /* Custom */ = {
			isa = PBXGroup;
			children = (
				CE3D9D082EB3B99E002C29B5 /* CSlider.swift */,
				CE72D2792EAA670A00DDE5A8 /* Shadow.swift */,
				CEA864B82EC633430064A3AE /* Rating */,
				CEA4F8A92EAA35CE0041BDAC /* SVGConverter */,
				CE3D9CEA2EAB00F0002C29B5 /* Photos */,
			);
			path = Custom;
			sourceTree = "<group>";
		};
		CEA864B82EC633430064A3AE /* Rating */ = {
			isa = PBXGroup;
			children = (
				CEA864B52EC633430064A3AE /* Rating.xib */,
				CEA864B62EC633430064A3AE /* Rating.swift */,
				CEA864B72EC633430064A3AE /* Rating.xcassets */,
			);
			path = Rating;
			sourceTree = "<group>";
		};
/* End PBXGroup section */

/* Begin PBXNativeTarget section */
		CEA4F85F2EA914610041BDAC /* Image Converter */ = {
			isa = PBXNativeTarget;
			buildConfigurationList = CEA4F8732EA914620041BDAC /* Build configuration list for PBXNativeTarget "Image Converter" */;
			buildPhases = (
				CEA4F85C2EA914610041BDAC /* Sources */,
				CEA4F85D2EA914610041BDAC /* Frameworks */,
				CEA4F85E2EA914610041BDAC /* Resources */,
			);
			buildRules = (
			);
			dependencies = (
			);
			name = "Image Converter";
			packageProductDependencies = (
			);
			productName = "Image Converter";
			productReference = CEA4F8602EA914610041BDAC /* Image Converter.app */;
			productType = "com.apple.product-type.application";
		};
/* End PBXNativeTarget section */

/* Begin PBXProject section */
		CEA4F8582EA914610041BDAC /* Project object */ = {
			isa = PBXProject;
			attributes = {
				BuildIndependentTargetsInParallel = 1;
				LastSwiftUpdateCheck = 2600;
				LastUpgradeCheck = 2600;
				TargetAttributes = {
					CEA4F85F2EA914610041BDAC = {
						CreatedOnToolsVersion = 26.0.1;
					};
				};
			};
			buildConfigurationList = CEA4F85B2EA914610041BDAC /* Build configuration list for PBXProject "Image Converter" */;
			developmentRegion = en;
			hasScannedForEncodings = 0;
			knownRegions = (
				en,
				Base,
			);
			mainGroup = CEA4F8572EA914610041BDAC;
			minimizedProjectReferenceProxies = 1;
			preferredProjectObjectVersion = 77;
			productRefGroup = CEA4F8612EA914610041BDAC /* Products */;
			projectDirPath = "";
			projectRoot = "";
			targets = (
				CEA4F85F2EA914610041BDAC /* Image Converter */,
			);
		};
/* End PBXProject section */

/* Begin PBXResourcesBuildPhase section */
		CEA4F85E2EA914610041BDAC /* Resources */ = {
			isa = PBXResourcesBuildPhase;
			buildActionMask = 2147483647;
			files = (
				CEB646992EDDDDD600A99077 /* HomeConverter.storyboard in Resources */,
				CEA864BA2EC633430064A3AE /* Rating.xcassets in Resources */,
				CEA864BB2EC633430064A3AE /* Rating.xib in Resources */,
				CE3D9CEC2EAB0126002C29B5 /* PhotosVC.storyboard in Resources */,
				AF7E28572ED5938A009EF3BF /* GIFCombine.storyboard in Resources */,
				CE72D2752EAA617900DDE5A8 /* Colors.xcassets in Resources */,
				CE27C5382ED0A8E700DB7004 /* Compare.storyboard in Resources */,
				CEA4F8822EA914670041BDAC /* Assets.xcassets in Resources */,
				CEA4F8842EA914670041BDAC /* LaunchScreen.storyboard in Resources */,
				CE273CD02EE3DBE700E74EED /* Pageup.xib in Resources */,
				CE273CC92EE3D22400E74EED /* Settings.storyboard in Resources */,
				CE72D2732EAA616F00DDE5A8 /* Icons.xcassets in Resources */,
				CE72D2772EAA61F300DDE5A8 /* Materials.xcassets in Resources */,
				CEA4F8852EA914670041BDAC /* Home.storyboard in Resources */,
				AF7453B02EC6CF9C0005DF5C /* Upscale.storyboard in Resources */,
			);
			runOnlyForDeploymentPostprocessing = 0;
		};
/* End PBXResourcesBuildPhase section */

/* Begin PBXSourcesBuildPhase section */
		CEA4F85C2EA914610041BDAC /* Sources */ = {
			isa = PBXSourcesBuildPhase;
			buildActionMask = 2147483647;
			files = (
				CEA4F8862EA914670041BDAC /* AppDelegate.swift in Sources */,
				CEA4F8872EA914670041BDAC /* SceneDelegate.swift in Sources */,
				CEA4F88D2EA914960041BDAC /* SVGConverter.metal in Sources */,
				CEA4D4572EBCD02000525D42 /* GDObjectOpenFiles.swift in Sources */,
				CEB6469F2EDDE37F00A99077 /* GDObjectPresent.swift in Sources */,
				CEA4D45D2EBCD02000525D42 /* GlobalDelegate.swift in Sources */,
				CEA4D45E2EBCD02000525D42 /* GDObjectSystemAlert.swift in Sources */,
				CE3D9CF92EAC9C9F002C29B5 /* HomeEditor.swift in Sources */,
				CEA4F8882EA914670041BDAC /* Home.swift in Sources */,
				CEA4F89E2EAA35CA0041BDAC /* MetalOutput.swift in Sources */,
				CEA4F8A22EAA35CA0041BDAC /* MetalWrapper.metal in Sources */,
				CEA4F8A42EAA35CA0041BDAC /* MetalInput.swift in Sources */,
				CEA4F8D92EAA36190041BDAC /* CIImageHelpers.swift in Sources */,
				CEA864B92EC633430064A3AE /* Rating.swift in Sources */,
				CEA4F8DA2EAA36190041BDAC /* UIViewBiggerPoint.swift in Sources */,
				CEA4F8DB2EAA36190041BDAC /* UIViewShadow.swift in Sources */,
				CEA4F8DC2EAA36190041BDAC /* CVPixelBufferHelpers.swift in Sources */,
				CEA4F8DD2EAA36190041BDAC /* CGRectHelpers.swift in Sources */,
				CEA4F8DE2EAA36190041BDAC /* UIColorHelpers.swift in Sources */,
				CEA4F8DF2EAA36190041BDAC /* FileManagerExtension.swift in Sources */,
				CEA4F8E02EAA36190041BDAC /* CGImageHelpers.swift in Sources */,
				CEA4F8E12EAA36190041BDAC /* UIViewClicking.swift in Sources */,
				CEA4F8E22EAA36190041BDAC /* UILabelHighlightColor.swift in Sources */,
				CEA4F8E32EAA36190041BDAC /* DataSizeHelpers.swift in Sources */,
				CEA4F8E42EAA36190041BDAC /* UIImageGif.swift in Sources */,
				CEA4F8E52EAA36190041BDAC /* UIImageHelpers.swift in Sources */,
				CE9211EC2EC824BE006B472F /* CUpscale.swift in Sources */,
				CE3D9D0D2EB90EAB002C29B5 /* HomeEditorMime.swift in Sources */,
				CEA4F8E62EAA36190041BDAC /* UIViewPointSubview.swift in Sources */,
				CEA4F94E2EAA384A0041BDAC /* Vision3DBPoseDetection.swift in Sources */,
				CEA4F9502EAA384A0041BDAC /* VisionBarcodeDetection.swift in Sources */,
				CEA4F9522EAA384A0041BDAC /* VisionAnimalBPoseDetection.swift in Sources */,
				CEA4F9552EAA384A0041BDAC /* VisionTextRecognition.swift in Sources */,
				CEA4F95B2EAA384A0041BDAC /* VisionStillImage.swift in Sources */,
				CEA4F95E2EAA384A0041BDAC /* VisionImageSequence.swift in Sources */,
				CEA4F9632EAA384A0041BDAC /* VisionFABDetection.swift in Sources */,
				CEB6469B2EDDDF4100A99077 /* HomePage.swift in Sources */,
				AF7E28582ED5938A009EF3BF /* GIFCombine.swift in Sources */,
				AF7E28592ED5938A009EF3BF /* GIFCombineEmpty.swift in Sources */,
				AF97C0202EAEFF3B00F317FB /* UIButtonHelpers.swift in Sources */,
				CEA4F9642EAA384A0041BDAC /* VisionHandler.swift in Sources */,
				CE3D9CE72EAA979B002C29B5 /* HomeConverter.swift in Sources */,
				CEA4F9662EAA384A0041BDAC /* VisionTrajectoryDetection.swift in Sources */,
				CE72D27A2EAA671300DDE5A8 /* Shadow.swift in Sources */,
				CEA4F9682EAA384A0041BDAC /* VisionTextDetection.swift in Sources */,
				CE27C5312ECBF92100DB7004 /* Loader.swift in Sources */,
				CEA4F98F2EAA5A850041BDAC /* Colors.swift in Sources */,
				CE3D9D012EAFD9C6002C29B5 /* Convert.swift in Sources */,
				CE72D27C2EAA75D000DDE5A8 /* HomeTab.swift in Sources */,
				CEA4F9692EAA384A0041BDAC /* VisionImageBackgroundRemoval.swift in Sources */,
				CEA4F96D2EAA384A0041BDAC /* VisionRectangleDetection.swift in Sources */,
				CEA4F96E2EAA384A0041BDAC /* VisionAnimalDetection.swift in Sources */,
				CEA4F9702EAA384A0041BDAC /* VisionOpticalFlow.swift in Sources */,
				CE3D9CEE2EAB01E9002C29B5 /* BoxGradient.swift in Sources */,
				CEA4F9772EAA384A0041BDAC /* VisionPromise.swift in Sources */,
				CEA4F9792EAA384A0041BDAC /* VisionSaliency.swift in Sources */,
				AF7453AB2EC6CF6B0005DF5C /* Upscale.swift in Sources */,
				CEA4F97A2EAA384A0041BDAC /* VisionBAHPoseDetection.swift in Sources */,
				CEA4F97C2EAA384A0041BDAC /* VisionRequest.swift in Sources */,
				CEA4F97E2EAA384A0041BDAC /* VisionObjectTrack.swift in Sources */,
				CE3D9CF42EAC8C50002C29B5 /* PhotoCell.swift in Sources */,
				CEA4F9802EAA384A0041BDAC /* VisionProvider.swift in Sources */,
				CE3D9CFF2EAFD135002C29B5 /* HomeEditorCell.swift in Sources */,
				CE3D9D0F2EBA5214002C29B5 /* HomeEditorSettings.swift in Sources */,
				CE3D9CF22EAC8941002C29B5 /* AssetLibrary.swift in Sources */,
				AF7453B22EC6E85D0005DF5C /* UpscaleEmpty.swift in Sources */,
				CE72D26F2EAA5BCE00DDE5A8 /* CHome.swift in Sources */,
				CEA4F9812EAA384A0041BDAC /* VisionContourDetection.swift in Sources */,
				CE9211EF2EC8376A006B472F /* ModelUpscale.swift in Sources */,
				CEA4F9842EAA384A0041BDAC /* VisionImageAlignment.swift in Sources */,
				AFA30FB92EB994D5008C9023 /* Converter.swift in Sources */,
				CEA4F9872EAA384A0041BDAC /* VisionUsage.swift in Sources */,
				CEA4F9892EAA384A0041BDAC /* VisionHorizonDetection.swift in Sources */,
				CEA4F8E72EAA36190041BDAC /* JSONHelpers.swift in Sources */,
				CEA4F8E82EAA36190041BDAC /* UIViewMask.swift in Sources */,
				CE9211F12EC837D9006B472F /* RealESRGan512.mlmodel in Sources */,
				CEA4F8E92EAA36190041BDAC /* UITextFieldPlaceholder.swift in Sources */,
				CEA4F8EA2EAA36190041BDAC /* IdiomHelpers.swift in Sources */,
				CEA4F8EB2EAA36190041BDAC /* UIImageViewDarkMode.swift in Sources */,
				CEA4F8EC2EAA36190041BDAC /* MeshHelpers.swift in Sources */,
				CEA4F8ED2EAA36190041BDAC /* CGPathHelpers.swift in Sources */,
				CEA4F8EE2EAA36190041BDAC /* ArrayHelpers.swift in Sources */,
				CEA4F8EF2EAA36190041BDAC /* UIViewLoadNib.swift in Sources */,
				CEA4F8F02EAA36190041BDAC /* UIStackViewPointSubview.swift in Sources */,
				AF7E285B2ED5977E009EF3BF /* GIF.swift in Sources */,
				CEA4F8F12EAA36190041BDAC /* UIViewFindView.swift in Sources */,
				CE3D9CF02EAC87F2002C29B5 /* PhotosVC.swift in Sources */,
				CE273CC72EE3D20B00E74EED /* Settings.swift in Sources */,
				CEA4F8F22EAA36190041BDAC /* AsyncHelpers.swift in Sources */,
				AF7E285F2ED59D67009EF3BF /* GIFCombineSettings.swift in Sources */,
				CEA4F8F32EAA36190041BDAC /* UIViewPointDetect.swift in Sources */,
				CE27C53A2ED0AD1B00DB7004 /* CCompare.swift in Sources */,
				CEA4F8F42EAA36190041BDAC /* DateHelpers.swift in Sources */,
				CE27C5362ED0A8E700DB7004 /* CompareEmpty.swift in Sources */,
				CE27C5372ED0A8E700DB7004 /* Compare.swift in Sources */,
				CEA4F8F52EAA36190041BDAC /* UIStackViewShadow.swift in Sources */,
				CE72D26A2EAA5BA300DDE5A8 /* Config.swift in Sources */,
				CE273CCB2EE3DBDF00E74EED /* GDObjectPageup.swift in Sources */,
				CE273CCF2EE3DBE700E74EED /* Pageup.swift in Sources */,
				CEA4F8F62EAA36190041BDAC /* UIViewParallax.swift in Sources */,
				CE72D26D2EAA5BBA00DDE5A8 /* Model.swift in Sources */,
				AF7E285D2ED598DC009EF3BF /* CGIF.swift in Sources */,
				CEA4F8F72EAA36190041BDAC /* UIStackViewSegmentPage.swift in Sources */,
				CE3D9D052EB3B95C002C29B5 /* Slider.swift in Sources */,
				CEA4F8F82EAA36190041BDAC /* UIViewFindViewController.swift in Sources */,
				CE3D9D092EB3B9A3002C29B5 /* CSlider.swift in Sources */,
				CEA4F8F92EAA36190041BDAC /* UIViewControllerHelpers.swift in Sources */,
				CEA4F8FA2EAA36190041BDAC /* UIView+Constrant+Frame.swift in Sources */,
				CEA4F8FB2EAA36190041BDAC /* UIViewZPosition.swift in Sources */,
				CE72D2712EAA5BD600DDE5A8 /* Controller.swift in Sources */,
				CEA4F8FC2EAA36190041BDAC /* UIScrollViewPointOut.swift in Sources */,
				CEA4F8FD2EAA36190041BDAC /* UIViewControllerPresent.swift in Sources */,
				CEA4F8FE2EAA36190041BDAC /* UIStackViewHighlight.swift in Sources */,
				CEA4F8FF2EAA36190041BDAC /* UIViewBorder.swift in Sources */,
				CEA4F9002EAA36190041BDAC /* UIImageStroke.swift in Sources */,
				CEA4F8A52EAA35CA0041BDAC /* MetalReput.swift in Sources */,
				CEA4F8A62EAA35CA0041BDAC /* MetalWrapper.swift in Sources */,
				AF634A8D2ED5A82800249A30 /* GIFCombineCell.swift in Sources */,
				CEA4F88B2EA9148C0041BDAC /* SVGConverter.swift in Sources */,
			);
			runOnlyForDeploymentPostprocessing = 0;
		};
/* End PBXSourcesBuildPhase section */

/* Begin PBXVariantGroup section */
		CEA4F87C2EA914670041BDAC /* LaunchScreen.storyboard */ = {
			isa = PBXVariantGroup;
			children = (
				CEA4F87B2EA914670041BDAC /* Base */,
			);
			name = LaunchScreen.storyboard;
			sourceTree = "<group>";
		};
		CEA4F87E2EA914670041BDAC /* Home.storyboard */ = {
			isa = PBXVariantGroup;
			children = (
				CEA4F87D2EA914670041BDAC /* Base */,
			);
			name = Home.storyboard;
			sourceTree = "<group>";
		};
/* End PBXVariantGroup section */

/* Begin XCBuildConfiguration section */
		CEA4F8742EA914620041BDAC /* Debug */ = {
			isa = XCBuildConfiguration;
			buildSettings = {
				ASSETCATALOG_COMPILER_APPICON_NAME = AppIcon;
				ASSETCATALOG_COMPILER_GLOBAL_ACCENT_COLOR_NAME = AccentColor;
				CODE_SIGN_STYLE = Automatic;
				CURRENT_PROJECT_VERSION = 1;
				DEVELOPMENT_TEAM = 83J75ZCYJZ;
				GENERATE_INFOPLIST_FILE = YES;
				INFOPLIST_FILE = "Image Converter/Info.plist";
				INFOPLIST_KEY_NSPhotoLibraryUsageDescription = "Please allow this app to import from your selected photos for editing.";
				INFOPLIST_KEY_UIApplicationSupportsIndirectInputEvents = YES;
				INFOPLIST_KEY_UILaunchStoryboardName = LaunchScreen;
				INFOPLIST_KEY_UIMainStoryboardFile = Home;
				INFOPLIST_KEY_UISupportedInterfaceOrientations_iPad = "UIInterfaceOrientationPortrait UIInterfaceOrientationPortraitUpsideDown UIInterfaceOrientationLandscapeLeft UIInterfaceOrientationLandscapeRight";
				INFOPLIST_KEY_UISupportedInterfaceOrientations_iPhone = "UIInterfaceOrientationPortrait UIInterfaceOrientationLandscapeLeft UIInterfaceOrientationLandscapeRight";
				IPHONEOS_DEPLOYMENT_TARGET = 15.6;
				LD_RUNPATH_SEARCH_PATHS = (
					"$(inherited)",
					"@executable_path/Frameworks",
				);
				MARKETING_VERSION = 1.0;
				PRODUCT_BUNDLE_IDENTIFIER = com.azubylabs.imageconverter;
				PRODUCT_NAME = "$(TARGET_NAME)";
				STRING_CATALOG_GENERATE_SYMBOLS = YES;
				SWIFT_APPROACHABLE_CONCURRENCY = YES;
				SWIFT_DEFAULT_ACTOR_ISOLATION = MainActor;
				SWIFT_EMIT_LOC_STRINGS = YES;
				SWIFT_UPCOMING_FEATURE_MEMBER_IMPORT_VISIBILITY = YES;
				SWIFT_VERSION = 5.0;
				TARGETED_DEVICE_FAMILY = "1,2";
			};
			name = Debug;
		};
		CEA4F8752EA914620041BDAC /* Release */ = {
			isa = XCBuildConfiguration;
			buildSettings = {
				ASSETCATALOG_COMPILER_APPICON_NAME = AppIcon;
				ASSETCATALOG_COMPILER_GLOBAL_ACCENT_COLOR_NAME = AccentColor;
				CODE_SIGN_STYLE = Automatic;
				CURRENT_PROJECT_VERSION = 1;
				DEVELOPMENT_TEAM = 83J75ZCYJZ;
				GENERATE_INFOPLIST_FILE = YES;
				INFOPLIST_FILE = "Image Converter/Info.plist";
				INFOPLIST_KEY_NSPhotoLibraryUsageDescription = "Please allow this app to import from your selected photos for editing.";
				INFOPLIST_KEY_UIApplicationSupportsIndirectInputEvents = YES;
				INFOPLIST_KEY_UILaunchStoryboardName = LaunchScreen;
				INFOPLIST_KEY_UIMainStoryboardFile = Home;
				INFOPLIST_KEY_UISupportedInterfaceOrientations_iPad = "UIInterfaceOrientationPortrait UIInterfaceOrientationPortraitUpsideDown UIInterfaceOrientationLandscapeLeft UIInterfaceOrientationLandscapeRight";
				INFOPLIST_KEY_UISupportedInterfaceOrientations_iPhone = "UIInterfaceOrientationPortrait UIInterfaceOrientationLandscapeLeft UIInterfaceOrientationLandscapeRight";
				IPHONEOS_DEPLOYMENT_TARGET = 15.6;
				LD_RUNPATH_SEARCH_PATHS = (
					"$(inherited)",
					"@executable_path/Frameworks",
				);
				MARKETING_VERSION = 1.0;
				PRODUCT_BUNDLE_IDENTIFIER = com.azubylabs.imageconverter;
				PRODUCT_NAME = "$(TARGET_NAME)";
				STRING_CATALOG_GENERATE_SYMBOLS = YES;
				SWIFT_APPROACHABLE_CONCURRENCY = YES;
				SWIFT_DEFAULT_ACTOR_ISOLATION = MainActor;
				SWIFT_EMIT_LOC_STRINGS = YES;
				SWIFT_UPCOMING_FEATURE_MEMBER_IMPORT_VISIBILITY = YES;
				SWIFT_VERSION = 5.0;
				TARGETED_DEVICE_FAMILY = "1,2";
			};
			name = Release;
		};
		CEA4F8762EA914620041BDAC /* Debug */ = {
			isa = XCBuildConfiguration;
			buildSettings = {
				ALWAYS_SEARCH_USER_PATHS = NO;
				ASSETCATALOG_COMPILER_GENERATE_SWIFT_ASSET_SYMBOL_EXTENSIONS = YES;
				CLANG_ANALYZER_NONNULL = YES;
				CLANG_ANALYZER_NUMBER_OBJECT_CONVERSION = YES_AGGRESSIVE;
				CLANG_CXX_LANGUAGE_STANDARD = "gnu++20";
				CLANG_ENABLE_MODULES = YES;
				CLANG_ENABLE_OBJC_ARC = YES;
				CLANG_ENABLE_OBJC_WEAK = YES;
				CLANG_WARN_BLOCK_CAPTURE_AUTORELEASING = YES;
				CLANG_WARN_BOOL_CONVERSION = YES;
				CLANG_WARN_COMMA = YES;
				CLANG_WARN_CONSTANT_CONVERSION = YES;
				CLANG_WARN_DEPRECATED_OBJC_IMPLEMENTATIONS = YES;
				CLANG_WARN_DIRECT_OBJC_ISA_USAGE = YES_ERROR;
				CLANG_WARN_DOCUMENTATION_COMMENTS = YES;
				CLANG_WARN_EMPTY_BODY = YES;
				CLANG_WARN_ENUM_CONVERSION = YES;
				CLANG_WARN_INFINITE_RECURSION = YES;
				CLANG_WARN_INT_CONVERSION = YES;
				CLANG_WARN_NON_LITERAL_NULL_CONVERSION = YES;
				CLANG_WARN_OBJC_IMPLICIT_RETAIN_SELF = YES;
				CLANG_WARN_OBJC_LITERAL_CONVERSION = YES;
				CLANG_WARN_OBJC_ROOT_CLASS = YES_ERROR;
				CLANG_WARN_QUOTED_INCLUDE_IN_FRAMEWORK_HEADER = YES;
				CLANG_WARN_RANGE_LOOP_ANALYSIS = YES;
				CLANG_WARN_STRICT_PROTOTYPES = YES;
				CLANG_WARN_SUSPICIOUS_MOVE = YES;
				CLANG_WARN_UNGUARDED_AVAILABILITY = YES_AGGRESSIVE;
				CLANG_WARN_UNREACHABLE_CODE = YES;
				CLANG_WARN__DUPLICATE_METHOD_MATCH = YES;
				COPY_PHASE_STRIP = NO;
				DEBUG_INFORMATION_FORMAT = dwarf;
				DEVELOPMENT_TEAM = 83J75ZCYJZ;
				ENABLE_STRICT_OBJC_MSGSEND = YES;
				ENABLE_TESTABILITY = YES;
				ENABLE_USER_SCRIPT_SANDBOXING = YES;
				GCC_C_LANGUAGE_STANDARD = gnu17;
				GCC_DYNAMIC_NO_PIC = NO;
				GCC_NO_COMMON_BLOCKS = YES;
				GCC_OPTIMIZATION_LEVEL = 0;
				GCC_PREPROCESSOR_DEFINITIONS = (
					"DEBUG=1",
					"$(inherited)",
				);
				GCC_WARN_64_TO_32_BIT_CONVERSION = YES;
				GCC_WARN_ABOUT_RETURN_TYPE = YES_ERROR;
				GCC_WARN_UNDECLARED_SELECTOR = YES;
				GCC_WARN_UNINITIALIZED_AUTOS = YES_AGGRESSIVE;
				GCC_WARN_UNUSED_FUNCTION = YES;
				GCC_WARN_UNUSED_VARIABLE = YES;
				IPHONEOS_DEPLOYMENT_TARGET = 26.0;
				LOCALIZATION_PREFERS_STRING_CATALOGS = YES;
				MTL_ENABLE_DEBUG_INFO = INCLUDE_SOURCE;
				MTL_FAST_MATH = YES;
				ONLY_ACTIVE_ARCH = YES;
				SDKROOT = iphoneos;
				SWIFT_ACTIVE_COMPILATION_CONDITIONS = "DEBUG $(inherited)";
				SWIFT_OPTIMIZATION_LEVEL = "-Onone";
			};
			name = Debug;
		};
		CEA4F8772EA914620041BDAC /* Release */ = {
			isa = XCBuildConfiguration;
			buildSettings = {
				ALWAYS_SEARCH_USER_PATHS = NO;
				ASSETCATALOG_COMPILER_GENERATE_SWIFT_ASSET_SYMBOL_EXTENSIONS = YES;
				CLANG_ANALYZER_NONNULL = YES;
				CLANG_ANALYZER_NUMBER_OBJECT_CONVERSION = YES_AGGRESSIVE;
				CLANG_CXX_LANGUAGE_STANDARD = "gnu++20";
				CLANG_ENABLE_MODULES = YES;
				CLANG_ENABLE_OBJC_ARC = YES;
				CLANG_ENABLE_OBJC_WEAK = YES;
				CLANG_WARN_BLOCK_CAPTURE_AUTORELEASING = YES;
				CLANG_WARN_BOOL_CONVERSION = YES;
				CLANG_WARN_COMMA = YES;
				CLANG_WARN_CONSTANT_CONVERSION = YES;
				CLANG_WARN_DEPRECATED_OBJC_IMPLEMENTATIONS = YES;
				CLANG_WARN_DIRECT_OBJC_ISA_USAGE = YES_ERROR;
				CLANG_WARN_DOCUMENTATION_COMMENTS = YES;
				CLANG_WARN_EMPTY_BODY = YES;
				CLANG_WARN_ENUM_CONVERSION = YES;
				CLANG_WARN_INFINITE_RECURSION = YES;
				CLANG_WARN_INT_CONVERSION = YES;
				CLANG_WARN_NON_LITERAL_NULL_CONVERSION = YES;
				CLANG_WARN_OBJC_IMPLICIT_RETAIN_SELF = YES;
				CLANG_WARN_OBJC_LITERAL_CONVERSION = YES;
				CLANG_WARN_OBJC_ROOT_CLASS = YES_ERROR;
				CLANG_WARN_QUOTED_INCLUDE_IN_FRAMEWORK_HEADER = YES;
				CLANG_WARN_RANGE_LOOP_ANALYSIS = YES;
				CLANG_WARN_STRICT_PROTOTYPES = YES;
				CLANG_WARN_SUSPICIOUS_MOVE = YES;
				CLANG_WARN_UNGUARDED_AVAILABILITY = YES_AGGRESSIVE;
				CLANG_WARN_UNREACHABLE_CODE = YES;
				CLANG_WARN__DUPLICATE_METHOD_MATCH = YES;
				COPY_PHASE_STRIP = NO;
				DEBUG_INFORMATION_FORMAT = "dwarf-with-dsym";
				DEVELOPMENT_TEAM = 83J75ZCYJZ;
				ENABLE_NS_ASSERTIONS = NO;
				ENABLE_STRICT_OBJC_MSGSEND = YES;
				ENABLE_USER_SCRIPT_SANDBOXING = YES;
				GCC_C_LANGUAGE_STANDARD = gnu17;
				GCC_NO_COMMON_BLOCKS = YES;
				GCC_WARN_64_TO_32_BIT_CONVERSION = YES;
				GCC_WARN_ABOUT_RETURN_TYPE = YES_ERROR;
				GCC_WARN_UNDECLARED_SELECTOR = YES;
				GCC_WARN_UNINITIALIZED_AUTOS = YES_AGGRESSIVE;
				GCC_WARN_UNUSED_FUNCTION = YES;
				GCC_WARN_UNUSED_VARIABLE = YES;
				IPHONEOS_DEPLOYMENT_TARGET = 26.0;
				LOCALIZATION_PREFERS_STRING_CATALOGS = YES;
				MTL_ENABLE_DEBUG_INFO = NO;
				MTL_FAST_MATH = YES;
				SDKROOT = iphoneos;
				SWIFT_COMPILATION_MODE = wholemodule;
				VALIDATE_PRODUCT = YES;
			};
			name = Release;
		};
/* End XCBuildConfiguration section */

/* Begin XCConfigurationList section */
		CEA4F85B2EA914610041BDAC /* Build configuration list for PBXProject "Image Converter" */ = {
			isa = XCConfigurationList;
			buildConfigurations = (
				CEA4F8762EA914620041BDAC /* Debug */,
				CEA4F8772EA914620041BDAC /* Release */,
			);
			defaultConfigurationIsVisible = 0;
			defaultConfigurationName = Release;
		};
		CEA4F8732EA914620041BDAC /* Build configuration list for PBXNativeTarget "Image Converter" */ = {
			isa = XCConfigurationList;
			buildConfigurations = (
				CEA4F8742EA914620041BDAC /* Debug */,
				CEA4F8752EA914620041BDAC /* Release */,
			);
			defaultConfigurationIsVisible = 0;
			defaultConfigurationName = Release;
		};
/* End XCConfigurationList section */
	};
	rootObject = CEA4F8582EA914610041BDAC /* Project object */;
}
